
Microsoft Visual Studio Solution File, Format Version 12.00
# Visual Studio 15
VisualStudioVersion = 15.0.27130.2010
MinimumVisualStudioVersion = 10.0.40219.1
Project("{9A19103F-16F7-4668-BE54-9A1E7A4F7556}") = "LifeManager.Rest", "LifeManager.Rest\LifeManager.Rest.csproj", "{12CE11C5-FAE6-48E3-BA3D-350B810DFBF8}"
EndProject
Project("{9A19103F-16F7-4668-BE54-9A1E7A4F7556}") = "LifeManager.CalendarService", "LifeManager.CalendarService\LifeManager.CalendarService.csproj", "{0888C505-495E-4602-8EC6-CDC4BE0DEBC1}"
EndProject
Project("{9A19103F-16F7-4668-BE54-9A1E7A4F7556}") = "LifeManager.ListsService", "LifeManager.ListsService\LifeManager.ListsService.csproj", "{E846ADC1-D566-4316-B601-7216C4315CB0}"
EndProject
Project("{9A19103F-16F7-4668-BE54-9A1E7A4F7556}") = "LifeManager.PeopleService", "LifeManager.PeopleService\LifeManager.PeopleService.csproj", "{42E29BB8-E7B1-46F4-AC15-EBAED193C08D}"
EndProject
Project("{9A19103F-16F7-4668-BE54-9A1E7A4F7556}") = "LifeManager.BudgetService", "LifeManager.BudgetService\LifeManager.BudgetService.csproj", "{E648D6B1-9401-43F3-A633-BC37A664CDAE}"
EndProject
Project("{D954291E-2A0B-460D-934E-DC6B0785DB48}") = "LifeManager.Mobile", "LifeManager.Mobile\LifeManager.Mobile\LifeManager.Mobile.shproj", "{74183355-950A-4DC9-9AFA-545FFFB00E3E}"
EndProject
Project("{FAE04EC0-301F-11D3-BF4B-00C04F79EFBC}") = "LifeManager.Mobile.Android", "LifeManager.Mobile\LifeManager.Mobile.Android\LifeManager.Mobile.Android.csproj", "{FBECAEBC-A9DF-411A-8C0D-E0EE38B49E09}"
EndProject
Project("{FAE04EC0-301F-11D3-BF4B-00C04F79EFBC}") = "LifeManager.Mobile.iOS", "LifeManager.Mobile\LifeManager.Mobile.iOS\LifeManager.Mobile.iOS.csproj", "{6A300859-E102-4263-A599-7D5A49519575}"
EndProject
Project("{FAE04EC0-301F-11D3-BF4B-00C04F79EFBC}") = "LifeManager.Mobile.UWP", "LifeManager.Mobile\LifeManager.Mobile.UWP\LifeManager.Mobile.UWP.csproj", "{4F808D71-8D6C-4EB3-9ABC-BAB825AA0F31}"
EndProject
Project("{9A19103F-16F7-4668-BE54-9A1E7A4F7556}") = "LifeManager.BudgetService.Tests", "LifeManager.BudgetService.Tests\LifeManager.BudgetService.Tests.csproj", "{CFD1D83B-C440-4C24-BAD1-DB7A5897374B}"
EndProject
Project("{9A19103F-16F7-4668-BE54-9A1E7A4F7556}") = "LifeManager.ListsService.Tests", "LifeManager.ListsService.Tests\LifeManager.ListsService.Tests.csproj", "{4EE5232B-75D8-4E55-B8C4-115951BC8CA8}"
EndProject
Project("{9A19103F-16F7-4668-BE54-9A1E7A4F7556}") = "LifeManager.PeopleService.Tests", "LifeManager.PeopleService.Tests\LifeManager.PeopleService.Tests.csproj", "{80E9656A-7920-4003-94DC-0C72CBDE3F78}"
EndProject
Project("{9A19103F-16F7-4668-BE54-9A1E7A4F7556}") = "LifeManager.Rest.Tests", "LifeManager.Rest.Tests\LifeManager.Rest.Tests.csproj", "{BC01AADA-BB28-4A94-89D7-1C78F0325C2A}"
EndProject
Project("{9A19103F-16F7-4668-BE54-9A1E7A4F7556}") = "LifeManager.Messages", "LifeManager.Messages\LifeManager.Messages.csproj", "{B9AE5BCB-3919-4553-8054-8583850E77EB}"
EndProject
Project("{9A19103F-16F7-4668-BE54-9A1E7A4F7556}") = "LifeManager.Data", "LifeManager.Data\LifeManager.Data.csproj", "{6F88738F-AAB6-459A-A9E1-F84AC14673CF}"
EndProject
Project("{9A19103F-16F7-4668-BE54-9A1E7A4F7556}") = "LifeManager.Common", "LifeManager.Common\LifeManager.Common.csproj", "{26D089A7-ED86-45FD-8B29-5DCF36329C14}"
EndProject
Project("{9A19103F-16F7-4668-BE54-9A1E7A4F7556}") = "LifeManager.CalendarService.Tests", "LifeManager.CalendarService.Tests\LifeManager.CalendarService.Tests.csproj", "{30513DDC-A9AF-4403-9E1C-A6FF3A1107D6}"
EndProject
Project("{FAE04EC0-301F-11D3-BF4B-00C04F79EFBC}") = "LifeManager.Models", "LifeManager.Models\LifeManager.Models.csproj", "{1F48A5AF-E4A9-442C-96B0-D97D65508B2B}"
EndProject
Global
	GlobalSection(SharedMSBuildProjectFiles) = preSolution
		LifeManager.Mobile\LifeManager.Mobile\LifeManager.Mobile.projitems*{4f808d71-8d6c-4eb3-9abc-bab825aa0f31}*SharedItemsImports = 4
		LifeManager.Mobile\LifeManager.Mobile\LifeManager.Mobile.projitems*{6a300859-e102-4263-a599-7d5a49519575}*SharedItemsImports = 4
		LifeManager.Mobile\LifeManager.Mobile\LifeManager.Mobile.projitems*{74183355-950a-4dc9-9afa-545fffb00e3e}*SharedItemsImports = 13
		LifeManager.Mobile\LifeManager.Mobile\LifeManager.Mobile.projitems*{fbecaebc-a9df-411a-8c0d-e0ee38b49e09}*SharedItemsImports = 4
	EndGlobalSection
	GlobalSection(SolutionConfigurationPlatforms) = preSolution
		Ad-Hoc|Any CPU = Ad-Hoc|Any CPU
		Ad-Hoc|ARM = Ad-Hoc|ARM
		Ad-Hoc|iPhone = Ad-Hoc|iPhone
		Ad-Hoc|iPhoneSimulator = Ad-Hoc|iPhoneSimulator
		Ad-Hoc|x64 = Ad-Hoc|x64
		Ad-Hoc|x86 = Ad-Hoc|x86
		AppStore|Any CPU = AppStore|Any CPU
		AppStore|ARM = AppStore|ARM
		AppStore|iPhone = AppStore|iPhone
		AppStore|iPhoneSimulator = AppStore|iPhoneSimulator
		AppStore|x64 = AppStore|x64
		AppStore|x86 = AppStore|x86
		Debug|Any CPU = Debug|Any CPU
		Debug|ARM = Debug|ARM
		Debug|iPhone = Debug|iPhone
		Debug|iPhoneSimulator = Debug|iPhoneSimulator
		Debug|x64 = Debug|x64
		Debug|x86 = Debug|x86
		Release|Any CPU = Release|Any CPU
		Release|ARM = Release|ARM
		Release|iPhone = Release|iPhone
		Release|iPhoneSimulator = Release|iPhoneSimulator
		Release|x64 = Release|x64
		Release|x86 = Release|x86
	EndGlobalSection
	GlobalSection(ProjectConfigurationPlatforms) = postSolution
		{12CE11C5-FAE6-48E3-BA3D-350B810DFBF8}.Ad-Hoc|Any CPU.ActiveCfg = Debug|Any CPU
		{12CE11C5-FAE6-48E3-BA3D-350B810DFBF8}.Ad-Hoc|Any CPU.Build.0 = Debug|Any CPU
		{12CE11C5-FAE6-48E3-BA3D-350B810DFBF8}.Ad-Hoc|ARM.ActiveCfg = Debug|Any CPU
		{12CE11C5-FAE6-48E3-BA3D-350B810DFBF8}.Ad-Hoc|ARM.Build.0 = Debug|Any CPU
		{12CE11C5-FAE6-48E3-BA3D-350B810DFBF8}.Ad-Hoc|iPhone.ActiveCfg = Debug|Any CPU
		{12CE11C5-FAE6-48E3-BA3D-350B810DFBF8}.Ad-Hoc|iPhone.Build.0 = Debug|Any CPU
		{12CE11C5-FAE6-48E3-BA3D-350B810DFBF8}.Ad-Hoc|iPhoneSimulator.ActiveCfg = Debug|Any CPU
		{12CE11C5-FAE6-48E3-BA3D-350B810DFBF8}.Ad-Hoc|iPhoneSimulator.Build.0 = Debug|Any CPU
		{12CE11C5-FAE6-48E3-BA3D-350B810DFBF8}.Ad-Hoc|x64.ActiveCfg = Debug|Any CPU
		{12CE11C5-FAE6-48E3-BA3D-350B810DFBF8}.Ad-Hoc|x64.Build.0 = Debug|Any CPU
		{12CE11C5-FAE6-48E3-BA3D-350B810DFBF8}.Ad-Hoc|x86.ActiveCfg = Debug|Any CPU
		{12CE11C5-FAE6-48E3-BA3D-350B810DFBF8}.Ad-Hoc|x86.Build.0 = Debug|Any CPU
		{12CE11C5-FAE6-48E3-BA3D-350B810DFBF8}.AppStore|Any CPU.ActiveCfg = Debug|Any CPU
		{12CE11C5-FAE6-48E3-BA3D-350B810DFBF8}.AppStore|Any CPU.Build.0 = Debug|Any CPU
		{12CE11C5-FAE6-48E3-BA3D-350B810DFBF8}.AppStore|ARM.ActiveCfg = Debug|Any CPU
		{12CE11C5-FAE6-48E3-BA3D-350B810DFBF8}.AppStore|ARM.Build.0 = Debug|Any CPU
		{12CE11C5-FAE6-48E3-BA3D-350B810DFBF8}.AppStore|iPhone.ActiveCfg = Debug|Any CPU
		{12CE11C5-FAE6-48E3-BA3D-350B810DFBF8}.AppStore|iPhone.Build.0 = Debug|Any CPU
		{12CE11C5-FAE6-48E3-BA3D-350B810DFBF8}.AppStore|iPhoneSimulator.ActiveCfg = Debug|Any CPU
		{12CE11C5-FAE6-48E3-BA3D-350B810DFBF8}.AppStore|iPhoneSimulator.Build.0 = Debug|Any CPU
		{12CE11C5-FAE6-48E3-BA3D-350B810DFBF8}.AppStore|x64.ActiveCfg = Debug|Any CPU
		{12CE11C5-FAE6-48E3-BA3D-350B810DFBF8}.AppStore|x64.Build.0 = Debug|Any CPU
		{12CE11C5-FAE6-48E3-BA3D-350B810DFBF8}.AppStore|x86.ActiveCfg = Debug|Any CPU
		{12CE11C5-FAE6-48E3-BA3D-350B810DFBF8}.AppStore|x86.Build.0 = Debug|Any CPU
		{12CE11C5-FAE6-48E3-BA3D-350B810DFBF8}.Debug|Any CPU.ActiveCfg = Debug|Any CPU
		{12CE11C5-FAE6-48E3-BA3D-350B810DFBF8}.Debug|Any CPU.Build.0 = Debug|Any CPU
		{12CE11C5-FAE6-48E3-BA3D-350B810DFBF8}.Debug|ARM.ActiveCfg = Debug|Any CPU
		{12CE11C5-FAE6-48E3-BA3D-350B810DFBF8}.Debug|ARM.Build.0 = Debug|Any CPU
		{12CE11C5-FAE6-48E3-BA3D-350B810DFBF8}.Debug|iPhone.ActiveCfg = Debug|Any CPU
		{12CE11C5-FAE6-48E3-BA3D-350B810DFBF8}.Debug|iPhone.Build.0 = Debug|Any CPU
		{12CE11C5-FAE6-48E3-BA3D-350B810DFBF8}.Debug|iPhoneSimulator.ActiveCfg = Debug|Any CPU
		{12CE11C5-FAE6-48E3-BA3D-350B810DFBF8}.Debug|iPhoneSimulator.Build.0 = Debug|Any CPU
		{12CE11C5-FAE6-48E3-BA3D-350B810DFBF8}.Debug|x64.ActiveCfg = Debug|Any CPU
		{12CE11C5-FAE6-48E3-BA3D-350B810DFBF8}.Debug|x64.Build.0 = Debug|Any CPU
		{12CE11C5-FAE6-48E3-BA3D-350B810DFBF8}.Debug|x86.ActiveCfg = Debug|Any CPU
		{12CE11C5-FAE6-48E3-BA3D-350B810DFBF8}.Debug|x86.Build.0 = Debug|Any CPU
		{12CE11C5-FAE6-48E3-BA3D-350B810DFBF8}.Release|Any CPU.ActiveCfg = Release|Any CPU
		{12CE11C5-FAE6-48E3-BA3D-350B810DFBF8}.Release|Any CPU.Build.0 = Release|Any CPU
		{12CE11C5-FAE6-48E3-BA3D-350B810DFBF8}.Release|ARM.ActiveCfg = Release|Any CPU
		{12CE11C5-FAE6-48E3-BA3D-350B810DFBF8}.Release|ARM.Build.0 = Release|Any CPU
		{12CE11C5-FAE6-48E3-BA3D-350B810DFBF8}.Release|iPhone.ActiveCfg = Release|Any CPU
		{12CE11C5-FAE6-48E3-BA3D-350B810DFBF8}.Release|iPhone.Build.0 = Release|Any CPU
		{12CE11C5-FAE6-48E3-BA3D-350B810DFBF8}.Release|iPhoneSimulator.ActiveCfg = Release|Any CPU
		{12CE11C5-FAE6-48E3-BA3D-350B810DFBF8}.Release|iPhoneSimulator.Build.0 = Release|Any CPU
		{12CE11C5-FAE6-48E3-BA3D-350B810DFBF8}.Release|x64.ActiveCfg = Release|Any CPU
		{12CE11C5-FAE6-48E3-BA3D-350B810DFBF8}.Release|x64.Build.0 = Release|Any CPU
		{12CE11C5-FAE6-48E3-BA3D-350B810DFBF8}.Release|x86.ActiveCfg = Release|Any CPU
		{12CE11C5-FAE6-48E3-BA3D-350B810DFBF8}.Release|x86.Build.0 = Release|Any CPU
		{0888C505-495E-4602-8EC6-CDC4BE0DEBC1}.Ad-Hoc|Any CPU.ActiveCfg = Debug|Any CPU
		{0888C505-495E-4602-8EC6-CDC4BE0DEBC1}.Ad-Hoc|Any CPU.Build.0 = Debug|Any CPU
		{0888C505-495E-4602-8EC6-CDC4BE0DEBC1}.Ad-Hoc|ARM.ActiveCfg = Debug|Any CPU
		{0888C505-495E-4602-8EC6-CDC4BE0DEBC1}.Ad-Hoc|ARM.Build.0 = Debug|Any CPU
		{0888C505-495E-4602-8EC6-CDC4BE0DEBC1}.Ad-Hoc|iPhone.ActiveCfg = Debug|Any CPU
		{0888C505-495E-4602-8EC6-CDC4BE0DEBC1}.Ad-Hoc|iPhone.Build.0 = Debug|Any CPU
		{0888C505-495E-4602-8EC6-CDC4BE0DEBC1}.Ad-Hoc|iPhoneSimulator.ActiveCfg = Debug|Any CPU
		{0888C505-495E-4602-8EC6-CDC4BE0DEBC1}.Ad-Hoc|iPhoneSimulator.Build.0 = Debug|Any CPU
		{0888C505-495E-4602-8EC6-CDC4BE0DEBC1}.Ad-Hoc|x64.ActiveCfg = Debug|Any CPU
		{0888C505-495E-4602-8EC6-CDC4BE0DEBC1}.Ad-Hoc|x64.Build.0 = Debug|Any CPU
		{0888C505-495E-4602-8EC6-CDC4BE0DEBC1}.Ad-Hoc|x86.ActiveCfg = Debug|Any CPU
		{0888C505-495E-4602-8EC6-CDC4BE0DEBC1}.Ad-Hoc|x86.Build.0 = Debug|Any CPU
		{0888C505-495E-4602-8EC6-CDC4BE0DEBC1}.AppStore|Any CPU.ActiveCfg = Debug|Any CPU
		{0888C505-495E-4602-8EC6-CDC4BE0DEBC1}.AppStore|Any CPU.Build.0 = Debug|Any CPU
		{0888C505-495E-4602-8EC6-CDC4BE0DEBC1}.AppStore|ARM.ActiveCfg = Debug|Any CPU
		{0888C505-495E-4602-8EC6-CDC4BE0DEBC1}.AppStore|ARM.Build.0 = Debug|Any CPU
		{0888C505-495E-4602-8EC6-CDC4BE0DEBC1}.AppStore|iPhone.ActiveCfg = Debug|Any CPU
		{0888C505-495E-4602-8EC6-CDC4BE0DEBC1}.AppStore|iPhone.Build.0 = Debug|Any CPU
		{0888C505-495E-4602-8EC6-CDC4BE0DEBC1}.AppStore|iPhoneSimulator.ActiveCfg = Debug|Any CPU
		{0888C505-495E-4602-8EC6-CDC4BE0DEBC1}.AppStore|iPhoneSimulator.Build.0 = Debug|Any CPU
		{0888C505-495E-4602-8EC6-CDC4BE0DEBC1}.AppStore|x64.ActiveCfg = Debug|Any CPU
		{0888C505-495E-4602-8EC6-CDC4BE0DEBC1}.AppStore|x64.Build.0 = Debug|Any CPU
		{0888C505-495E-4602-8EC6-CDC4BE0DEBC1}.AppStore|x86.ActiveCfg = Debug|Any CPU
		{0888C505-495E-4602-8EC6-CDC4BE0DEBC1}.AppStore|x86.Build.0 = Debug|Any CPU
		{0888C505-495E-4602-8EC6-CDC4BE0DEBC1}.Debug|Any CPU.ActiveCfg = Debug|Any CPU
		{0888C505-495E-4602-8EC6-CDC4BE0DEBC1}.Debug|Any CPU.Build.0 = Debug|Any CPU
		{0888C505-495E-4602-8EC6-CDC4BE0DEBC1}.Debug|ARM.ActiveCfg = Debug|Any CPU
		{0888C505-495E-4602-8EC6-CDC4BE0DEBC1}.Debug|ARM.Build.0 = Debug|Any CPU
		{0888C505-495E-4602-8EC6-CDC4BE0DEBC1}.Debug|iPhone.ActiveCfg = Debug|Any CPU
		{0888C505-495E-4602-8EC6-CDC4BE0DEBC1}.Debug|iPhone.Build.0 = Debug|Any CPU
		{0888C505-495E-4602-8EC6-CDC4BE0DEBC1}.Debug|iPhoneSimulator.ActiveCfg = Debug|Any CPU
		{0888C505-495E-4602-8EC6-CDC4BE0DEBC1}.Debug|iPhoneSimulator.Build.0 = Debug|Any CPU
		{0888C505-495E-4602-8EC6-CDC4BE0DEBC1}.Debug|x64.ActiveCfg = Debug|Any CPU
		{0888C505-495E-4602-8EC6-CDC4BE0DEBC1}.Debug|x64.Build.0 = Debug|Any CPU
		{0888C505-495E-4602-8EC6-CDC4BE0DEBC1}.Debug|x86.ActiveCfg = Debug|Any CPU
		{0888C505-495E-4602-8EC6-CDC4BE0DEBC1}.Debug|x86.Build.0 = Debug|Any CPU
		{0888C505-495E-4602-8EC6-CDC4BE0DEBC1}.Release|Any CPU.ActiveCfg = Release|Any CPU
		{0888C505-495E-4602-8EC6-CDC4BE0DEBC1}.Release|Any CPU.Build.0 = Release|Any CPU
		{0888C505-495E-4602-8EC6-CDC4BE0DEBC1}.Release|ARM.ActiveCfg = Release|Any CPU
		{0888C505-495E-4602-8EC6-CDC4BE0DEBC1}.Release|ARM.Build.0 = Release|Any CPU
		{0888C505-495E-4602-8EC6-CDC4BE0DEBC1}.Release|iPhone.ActiveCfg = Release|Any CPU
		{0888C505-495E-4602-8EC6-CDC4BE0DEBC1}.Release|iPhone.Build.0 = Release|Any CPU
		{0888C505-495E-4602-8EC6-CDC4BE0DEBC1}.Release|iPhoneSimulator.ActiveCfg = Release|Any CPU
		{0888C505-495E-4602-8EC6-CDC4BE0DEBC1}.Release|iPhoneSimulator.Build.0 = Release|Any CPU
		{0888C505-495E-4602-8EC6-CDC4BE0DEBC1}.Release|x64.ActiveCfg = Release|Any CPU
		{0888C505-495E-4602-8EC6-CDC4BE0DEBC1}.Release|x64.Build.0 = Release|Any CPU
		{0888C505-495E-4602-8EC6-CDC4BE0DEBC1}.Release|x86.ActiveCfg = Release|Any CPU
		{0888C505-495E-4602-8EC6-CDC4BE0DEBC1}.Release|x86.Build.0 = Release|Any CPU
		{E846ADC1-D566-4316-B601-7216C4315CB0}.Ad-Hoc|Any CPU.ActiveCfg = Debug|Any CPU
		{E846ADC1-D566-4316-B601-7216C4315CB0}.Ad-Hoc|Any CPU.Build.0 = Debug|Any CPU
		{E846ADC1-D566-4316-B601-7216C4315CB0}.Ad-Hoc|ARM.ActiveCfg = Debug|Any CPU
		{E846ADC1-D566-4316-B601-7216C4315CB0}.Ad-Hoc|ARM.Build.0 = Debug|Any CPU
		{E846ADC1-D566-4316-B601-7216C4315CB0}.Ad-Hoc|iPhone.ActiveCfg = Debug|Any CPU
		{E846ADC1-D566-4316-B601-7216C4315CB0}.Ad-Hoc|iPhone.Build.0 = Debug|Any CPU
		{E846ADC1-D566-4316-B601-7216C4315CB0}.Ad-Hoc|iPhoneSimulator.ActiveCfg = Debug|Any CPU
		{E846ADC1-D566-4316-B601-7216C4315CB0}.Ad-Hoc|iPhoneSimulator.Build.0 = Debug|Any CPU
		{E846ADC1-D566-4316-B601-7216C4315CB0}.Ad-Hoc|x64.ActiveCfg = Debug|Any CPU
		{E846ADC1-D566-4316-B601-7216C4315CB0}.Ad-Hoc|x64.Build.0 = Debug|Any CPU
		{E846ADC1-D566-4316-B601-7216C4315CB0}.Ad-Hoc|x86.ActiveCfg = Debug|Any CPU
		{E846ADC1-D566-4316-B601-7216C4315CB0}.Ad-Hoc|x86.Build.0 = Debug|Any CPU
		{E846ADC1-D566-4316-B601-7216C4315CB0}.AppStore|Any CPU.ActiveCfg = Debug|Any CPU
		{E846ADC1-D566-4316-B601-7216C4315CB0}.AppStore|Any CPU.Build.0 = Debug|Any CPU
		{E846ADC1-D566-4316-B601-7216C4315CB0}.AppStore|ARM.ActiveCfg = Debug|Any CPU
		{E846ADC1-D566-4316-B601-7216C4315CB0}.AppStore|ARM.Build.0 = Debug|Any CPU
		{E846ADC1-D566-4316-B601-7216C4315CB0}.AppStore|iPhone.ActiveCfg = Debug|Any CPU
		{E846ADC1-D566-4316-B601-7216C4315CB0}.AppStore|iPhone.Build.0 = Debug|Any CPU
		{E846ADC1-D566-4316-B601-7216C4315CB0}.AppStore|iPhoneSimulator.ActiveCfg = Debug|Any CPU
		{E846ADC1-D566-4316-B601-7216C4315CB0}.AppStore|iPhoneSimulator.Build.0 = Debug|Any CPU
		{E846ADC1-D566-4316-B601-7216C4315CB0}.AppStore|x64.ActiveCfg = Debug|Any CPU
		{E846ADC1-D566-4316-B601-7216C4315CB0}.AppStore|x64.Build.0 = Debug|Any CPU
		{E846ADC1-D566-4316-B601-7216C4315CB0}.AppStore|x86.ActiveCfg = Debug|Any CPU
		{E846ADC1-D566-4316-B601-7216C4315CB0}.AppStore|x86.Build.0 = Debug|Any CPU
		{E846ADC1-D566-4316-B601-7216C4315CB0}.Debug|Any CPU.ActiveCfg = Debug|Any CPU
		{E846ADC1-D566-4316-B601-7216C4315CB0}.Debug|Any CPU.Build.0 = Debug|Any CPU
		{E846ADC1-D566-4316-B601-7216C4315CB0}.Debug|ARM.ActiveCfg = Debug|Any CPU
		{E846ADC1-D566-4316-B601-7216C4315CB0}.Debug|ARM.Build.0 = Debug|Any CPU
		{E846ADC1-D566-4316-B601-7216C4315CB0}.Debug|iPhone.ActiveCfg = Debug|Any CPU
		{E846ADC1-D566-4316-B601-7216C4315CB0}.Debug|iPhone.Build.0 = Debug|Any CPU
		{E846ADC1-D566-4316-B601-7216C4315CB0}.Debug|iPhoneSimulator.ActiveCfg = Debug|Any CPU
		{E846ADC1-D566-4316-B601-7216C4315CB0}.Debug|iPhoneSimulator.Build.0 = Debug|Any CPU
		{E846ADC1-D566-4316-B601-7216C4315CB0}.Debug|x64.ActiveCfg = Debug|Any CPU
		{E846ADC1-D566-4316-B601-7216C4315CB0}.Debug|x64.Build.0 = Debug|Any CPU
		{E846ADC1-D566-4316-B601-7216C4315CB0}.Debug|x86.ActiveCfg = Debug|Any CPU
		{E846ADC1-D566-4316-B601-7216C4315CB0}.Debug|x86.Build.0 = Debug|Any CPU
		{E846ADC1-D566-4316-B601-7216C4315CB0}.Release|Any CPU.ActiveCfg = Release|Any CPU
		{E846ADC1-D566-4316-B601-7216C4315CB0}.Release|Any CPU.Build.0 = Release|Any CPU
		{E846ADC1-D566-4316-B601-7216C4315CB0}.Release|ARM.ActiveCfg = Release|Any CPU
		{E846ADC1-D566-4316-B601-7216C4315CB0}.Release|ARM.Build.0 = Release|Any CPU
		{E846ADC1-D566-4316-B601-7216C4315CB0}.Release|iPhone.ActiveCfg = Release|Any CPU
		{E846ADC1-D566-4316-B601-7216C4315CB0}.Release|iPhone.Build.0 = Release|Any CPU
		{E846ADC1-D566-4316-B601-7216C4315CB0}.Release|iPhoneSimulator.ActiveCfg = Release|Any CPU
		{E846ADC1-D566-4316-B601-7216C4315CB0}.Release|iPhoneSimulator.Build.0 = Release|Any CPU
		{E846ADC1-D566-4316-B601-7216C4315CB0}.Release|x64.ActiveCfg = Release|Any CPU
		{E846ADC1-D566-4316-B601-7216C4315CB0}.Release|x64.Build.0 = Release|Any CPU
		{E846ADC1-D566-4316-B601-7216C4315CB0}.Release|x86.ActiveCfg = Release|Any CPU
		{E846ADC1-D566-4316-B601-7216C4315CB0}.Release|x86.Build.0 = Release|Any CPU
		{42E29BB8-E7B1-46F4-AC15-EBAED193C08D}.Ad-Hoc|Any CPU.ActiveCfg = Debug|Any CPU
		{42E29BB8-E7B1-46F4-AC15-EBAED193C08D}.Ad-Hoc|Any CPU.Build.0 = Debug|Any CPU
		{42E29BB8-E7B1-46F4-AC15-EBAED193C08D}.Ad-Hoc|ARM.ActiveCfg = Debug|Any CPU
		{42E29BB8-E7B1-46F4-AC15-EBAED193C08D}.Ad-Hoc|ARM.Build.0 = Debug|Any CPU
		{42E29BB8-E7B1-46F4-AC15-EBAED193C08D}.Ad-Hoc|iPhone.ActiveCfg = Debug|Any CPU
		{42E29BB8-E7B1-46F4-AC15-EBAED193C08D}.Ad-Hoc|iPhone.Build.0 = Debug|Any CPU
		{42E29BB8-E7B1-46F4-AC15-EBAED193C08D}.Ad-Hoc|iPhoneSimulator.ActiveCfg = Debug|Any CPU
		{42E29BB8-E7B1-46F4-AC15-EBAED193C08D}.Ad-Hoc|iPhoneSimulator.Build.0 = Debug|Any CPU
		{42E29BB8-E7B1-46F4-AC15-EBAED193C08D}.Ad-Hoc|x64.ActiveCfg = Debug|Any CPU
		{42E29BB8-E7B1-46F4-AC15-EBAED193C08D}.Ad-Hoc|x64.Build.0 = Debug|Any CPU
		{42E29BB8-E7B1-46F4-AC15-EBAED193C08D}.Ad-Hoc|x86.ActiveCfg = Debug|Any CPU
		{42E29BB8-E7B1-46F4-AC15-EBAED193C08D}.Ad-Hoc|x86.Build.0 = Debug|Any CPU
		{42E29BB8-E7B1-46F4-AC15-EBAED193C08D}.AppStore|Any CPU.ActiveCfg = Debug|Any CPU
		{42E29BB8-E7B1-46F4-AC15-EBAED193C08D}.AppStore|Any CPU.Build.0 = Debug|Any CPU
		{42E29BB8-E7B1-46F4-AC15-EBAED193C08D}.AppStore|ARM.ActiveCfg = Debug|Any CPU
		{42E29BB8-E7B1-46F4-AC15-EBAED193C08D}.AppStore|ARM.Build.0 = Debug|Any CPU
		{42E29BB8-E7B1-46F4-AC15-EBAED193C08D}.AppStore|iPhone.ActiveCfg = Debug|Any CPU
		{42E29BB8-E7B1-46F4-AC15-EBAED193C08D}.AppStore|iPhone.Build.0 = Debug|Any CPU
		{42E29BB8-E7B1-46F4-AC15-EBAED193C08D}.AppStore|iPhoneSimulator.ActiveCfg = Debug|Any CPU
		{42E29BB8-E7B1-46F4-AC15-EBAED193C08D}.AppStore|iPhoneSimulator.Build.0 = Debug|Any CPU
		{42E29BB8-E7B1-46F4-AC15-EBAED193C08D}.AppStore|x64.ActiveCfg = Debug|Any CPU
		{42E29BB8-E7B1-46F4-AC15-EBAED193C08D}.AppStore|x64.Build.0 = Debug|Any CPU
		{42E29BB8-E7B1-46F4-AC15-EBAED193C08D}.AppStore|x86.ActiveCfg = Debug|Any CPU
		{42E29BB8-E7B1-46F4-AC15-EBAED193C08D}.AppStore|x86.Build.0 = Debug|Any CPU
		{42E29BB8-E7B1-46F4-AC15-EBAED193C08D}.Debug|Any CPU.ActiveCfg = Debug|Any CPU
		{42E29BB8-E7B1-46F4-AC15-EBAED193C08D}.Debug|Any CPU.Build.0 = Debug|Any CPU
		{42E29BB8-E7B1-46F4-AC15-EBAED193C08D}.Debug|ARM.ActiveCfg = Debug|Any CPU
		{42E29BB8-E7B1-46F4-AC15-EBAED193C08D}.Debug|ARM.Build.0 = Debug|Any CPU
		{42E29BB8-E7B1-46F4-AC15-EBAED193C08D}.Debug|iPhone.ActiveCfg = Debug|Any CPU
		{42E29BB8-E7B1-46F4-AC15-EBAED193C08D}.Debug|iPhone.Build.0 = Debug|Any CPU
		{42E29BB8-E7B1-46F4-AC15-EBAED193C08D}.Debug|iPhoneSimulator.ActiveCfg = Debug|Any CPU
		{42E29BB8-E7B1-46F4-AC15-EBAED193C08D}.Debug|iPhoneSimulator.Build.0 = Debug|Any CPU
		{42E29BB8-E7B1-46F4-AC15-EBAED193C08D}.Debug|x64.ActiveCfg = Debug|Any CPU
		{42E29BB8-E7B1-46F4-AC15-EBAED193C08D}.Debug|x64.Build.0 = Debug|Any CPU
		{42E29BB8-E7B1-46F4-AC15-EBAED193C08D}.Debug|x86.ActiveCfg = Debug|Any CPU
		{42E29BB8-E7B1-46F4-AC15-EBAED193C08D}.Debug|x86.Build.0 = Debug|Any CPU
		{42E29BB8-E7B1-46F4-AC15-EBAED193C08D}.Release|Any CPU.ActiveCfg = Release|Any CPU
		{42E29BB8-E7B1-46F4-AC15-EBAED193C08D}.Release|Any CPU.Build.0 = Release|Any CPU
		{42E29BB8-E7B1-46F4-AC15-EBAED193C08D}.Release|ARM.ActiveCfg = Release|Any CPU
		{42E29BB8-E7B1-46F4-AC15-EBAED193C08D}.Release|ARM.Build.0 = Release|Any CPU
		{42E29BB8-E7B1-46F4-AC15-EBAED193C08D}.Release|iPhone.ActiveCfg = Release|Any CPU
		{42E29BB8-E7B1-46F4-AC15-EBAED193C08D}.Release|iPhone.Build.0 = Release|Any CPU
		{42E29BB8-E7B1-46F4-AC15-EBAED193C08D}.Release|iPhoneSimulator.ActiveCfg = Release|Any CPU
		{42E29BB8-E7B1-46F4-AC15-EBAED193C08D}.Release|iPhoneSimulator.Build.0 = Release|Any CPU
		{42E29BB8-E7B1-46F4-AC15-EBAED193C08D}.Release|x64.ActiveCfg = Release|Any CPU
		{42E29BB8-E7B1-46F4-AC15-EBAED193C08D}.Release|x64.Build.0 = Release|Any CPU
		{42E29BB8-E7B1-46F4-AC15-EBAED193C08D}.Release|x86.ActiveCfg = Release|Any CPU
		{42E29BB8-E7B1-46F4-AC15-EBAED193C08D}.Release|x86.Build.0 = Release|Any CPU
		{E648D6B1-9401-43F3-A633-BC37A664CDAE}.Ad-Hoc|Any CPU.ActiveCfg = Debug|Any CPU
		{E648D6B1-9401-43F3-A633-BC37A664CDAE}.Ad-Hoc|Any CPU.Build.0 = Debug|Any CPU
		{E648D6B1-9401-43F3-A633-BC37A664CDAE}.Ad-Hoc|ARM.ActiveCfg = Debug|Any CPU
		{E648D6B1-9401-43F3-A633-BC37A664CDAE}.Ad-Hoc|ARM.Build.0 = Debug|Any CPU
		{E648D6B1-9401-43F3-A633-BC37A664CDAE}.Ad-Hoc|iPhone.ActiveCfg = Debug|Any CPU
		{E648D6B1-9401-43F3-A633-BC37A664CDAE}.Ad-Hoc|iPhone.Build.0 = Debug|Any CPU
		{E648D6B1-9401-43F3-A633-BC37A664CDAE}.Ad-Hoc|iPhoneSimulator.ActiveCfg = Debug|Any CPU
		{E648D6B1-9401-43F3-A633-BC37A664CDAE}.Ad-Hoc|iPhoneSimulator.Build.0 = Debug|Any CPU
		{E648D6B1-9401-43F3-A633-BC37A664CDAE}.Ad-Hoc|x64.ActiveCfg = Debug|Any CPU
		{E648D6B1-9401-43F3-A633-BC37A664CDAE}.Ad-Hoc|x64.Build.0 = Debug|Any CPU
		{E648D6B1-9401-43F3-A633-BC37A664CDAE}.Ad-Hoc|x86.ActiveCfg = Debug|Any CPU
		{E648D6B1-9401-43F3-A633-BC37A664CDAE}.Ad-Hoc|x86.Build.0 = Debug|Any CPU
		{E648D6B1-9401-43F3-A633-BC37A664CDAE}.AppStore|Any CPU.ActiveCfg = Debug|Any CPU
		{E648D6B1-9401-43F3-A633-BC37A664CDAE}.AppStore|Any CPU.Build.0 = Debug|Any CPU
		{E648D6B1-9401-43F3-A633-BC37A664CDAE}.AppStore|ARM.ActiveCfg = Debug|Any CPU
		{E648D6B1-9401-43F3-A633-BC37A664CDAE}.AppStore|ARM.Build.0 = Debug|Any CPU
		{E648D6B1-9401-43F3-A633-BC37A664CDAE}.AppStore|iPhone.ActiveCfg = Debug|Any CPU
		{E648D6B1-9401-43F3-A633-BC37A664CDAE}.AppStore|iPhone.Build.0 = Debug|Any CPU
		{E648D6B1-9401-43F3-A633-BC37A664CDAE}.AppStore|iPhoneSimulator.ActiveCfg = Debug|Any CPU
		{E648D6B1-9401-43F3-A633-BC37A664CDAE}.AppStore|iPhoneSimulator.Build.0 = Debug|Any CPU
		{E648D6B1-9401-43F3-A633-BC37A664CDAE}.AppStore|x64.ActiveCfg = Debug|Any CPU
		{E648D6B1-9401-43F3-A633-BC37A664CDAE}.AppStore|x64.Build.0 = Debug|Any CPU
		{E648D6B1-9401-43F3-A633-BC37A664CDAE}.AppStore|x86.ActiveCfg = Debug|Any CPU
		{E648D6B1-9401-43F3-A633-BC37A664CDAE}.AppStore|x86.Build.0 = Debug|Any CPU
		{E648D6B1-9401-43F3-A633-BC37A664CDAE}.Debug|Any CPU.ActiveCfg = Debug|Any CPU
		{E648D6B1-9401-43F3-A633-BC37A664CDAE}.Debug|Any CPU.Build.0 = Debug|Any CPU
		{E648D6B1-9401-43F3-A633-BC37A664CDAE}.Debug|ARM.ActiveCfg = Debug|Any CPU
		{E648D6B1-9401-43F3-A633-BC37A664CDAE}.Debug|ARM.Build.0 = Debug|Any CPU
		{E648D6B1-9401-43F3-A633-BC37A664CDAE}.Debug|iPhone.ActiveCfg = Debug|Any CPU
		{E648D6B1-9401-43F3-A633-BC37A664CDAE}.Debug|iPhone.Build.0 = Debug|Any CPU
		{E648D6B1-9401-43F3-A633-BC37A664CDAE}.Debug|iPhoneSimulator.ActiveCfg = Debug|Any CPU
		{E648D6B1-9401-43F3-A633-BC37A664CDAE}.Debug|iPhoneSimulator.Build.0 = Debug|Any CPU
		{E648D6B1-9401-43F3-A633-BC37A664CDAE}.Debug|x64.ActiveCfg = Debug|Any CPU
		{E648D6B1-9401-43F3-A633-BC37A664CDAE}.Debug|x64.Build.0 = Debug|Any CPU
		{E648D6B1-9401-43F3-A633-BC37A664CDAE}.Debug|x86.ActiveCfg = Debug|Any CPU
		{E648D6B1-9401-43F3-A633-BC37A664CDAE}.Debug|x86.Build.0 = Debug|Any CPU
		{E648D6B1-9401-43F3-A633-BC37A664CDAE}.Release|Any CPU.ActiveCfg = Release|Any CPU
		{E648D6B1-9401-43F3-A633-BC37A664CDAE}.Release|Any CPU.Build.0 = Release|Any CPU
		{E648D6B1-9401-43F3-A633-BC37A664CDAE}.Release|ARM.ActiveCfg = Release|Any CPU
		{E648D6B1-9401-43F3-A633-BC37A664CDAE}.Release|ARM.Build.0 = Release|Any CPU
		{E648D6B1-9401-43F3-A633-BC37A664CDAE}.Release|iPhone.ActiveCfg = Release|Any CPU
		{E648D6B1-9401-43F3-A633-BC37A664CDAE}.Release|iPhone.Build.0 = Release|Any CPU
		{E648D6B1-9401-43F3-A633-BC37A664CDAE}.Release|iPhoneSimulator.ActiveCfg = Release|Any CPU
		{E648D6B1-9401-43F3-A633-BC37A664CDAE}.Release|iPhoneSimulator.Build.0 = Release|Any CPU
		{E648D6B1-9401-43F3-A633-BC37A664CDAE}.Release|x64.ActiveCfg = Release|Any CPU
		{E648D6B1-9401-43F3-A633-BC37A664CDAE}.Release|x64.Build.0 = Release|Any CPU
		{E648D6B1-9401-43F3-A633-BC37A664CDAE}.Release|x86.ActiveCfg = Release|Any CPU
		{E648D6B1-9401-43F3-A633-BC37A664CDAE}.Release|x86.Build.0 = Release|Any CPU
		{FBECAEBC-A9DF-411A-8C0D-E0EE38B49E09}.Ad-Hoc|Any CPU.ActiveCfg = Release|Any CPU
		{FBECAEBC-A9DF-411A-8C0D-E0EE38B49E09}.Ad-Hoc|Any CPU.Build.0 = Release|Any CPU
		{FBECAEBC-A9DF-411A-8C0D-E0EE38B49E09}.Ad-Hoc|Any CPU.Deploy.0 = Release|Any CPU
		{FBECAEBC-A9DF-411A-8C0D-E0EE38B49E09}.Ad-Hoc|ARM.ActiveCfg = Release|Any CPU
		{FBECAEBC-A9DF-411A-8C0D-E0EE38B49E09}.Ad-Hoc|ARM.Build.0 = Release|Any CPU
		{FBECAEBC-A9DF-411A-8C0D-E0EE38B49E09}.Ad-Hoc|ARM.Deploy.0 = Release|Any CPU
		{FBECAEBC-A9DF-411A-8C0D-E0EE38B49E09}.Ad-Hoc|iPhone.ActiveCfg = Release|Any CPU
		{FBECAEBC-A9DF-411A-8C0D-E0EE38B49E09}.Ad-Hoc|iPhone.Build.0 = Release|Any CPU
		{FBECAEBC-A9DF-411A-8C0D-E0EE38B49E09}.Ad-Hoc|iPhone.Deploy.0 = Release|Any CPU
		{FBECAEBC-A9DF-411A-8C0D-E0EE38B49E09}.Ad-Hoc|iPhoneSimulator.ActiveCfg = Release|Any CPU
		{FBECAEBC-A9DF-411A-8C0D-E0EE38B49E09}.Ad-Hoc|iPhoneSimulator.Build.0 = Release|Any CPU
		{FBECAEBC-A9DF-411A-8C0D-E0EE38B49E09}.Ad-Hoc|iPhoneSimulator.Deploy.0 = Release|Any CPU
		{FBECAEBC-A9DF-411A-8C0D-E0EE38B49E09}.Ad-Hoc|x64.ActiveCfg = Release|Any CPU
		{FBECAEBC-A9DF-411A-8C0D-E0EE38B49E09}.Ad-Hoc|x64.Build.0 = Release|Any CPU
		{FBECAEBC-A9DF-411A-8C0D-E0EE38B49E09}.Ad-Hoc|x64.Deploy.0 = Release|Any CPU
		{FBECAEBC-A9DF-411A-8C0D-E0EE38B49E09}.Ad-Hoc|x86.ActiveCfg = Release|Any CPU
		{FBECAEBC-A9DF-411A-8C0D-E0EE38B49E09}.Ad-Hoc|x86.Build.0 = Release|Any CPU
		{FBECAEBC-A9DF-411A-8C0D-E0EE38B49E09}.Ad-Hoc|x86.Deploy.0 = Release|Any CPU
		{FBECAEBC-A9DF-411A-8C0D-E0EE38B49E09}.AppStore|Any CPU.ActiveCfg = Release|Any CPU
		{FBECAEBC-A9DF-411A-8C0D-E0EE38B49E09}.AppStore|Any CPU.Build.0 = Release|Any CPU
		{FBECAEBC-A9DF-411A-8C0D-E0EE38B49E09}.AppStore|Any CPU.Deploy.0 = Release|Any CPU
		{FBECAEBC-A9DF-411A-8C0D-E0EE38B49E09}.AppStore|ARM.ActiveCfg = Release|Any CPU
		{FBECAEBC-A9DF-411A-8C0D-E0EE38B49E09}.AppStore|ARM.Build.0 = Release|Any CPU
		{FBECAEBC-A9DF-411A-8C0D-E0EE38B49E09}.AppStore|ARM.Deploy.0 = Release|Any CPU
		{FBECAEBC-A9DF-411A-8C0D-E0EE38B49E09}.AppStore|iPhone.ActiveCfg = Release|Any CPU
		{FBECAEBC-A9DF-411A-8C0D-E0EE38B49E09}.AppStore|iPhone.Build.0 = Release|Any CPU
		{FBECAEBC-A9DF-411A-8C0D-E0EE38B49E09}.AppStore|iPhone.Deploy.0 = Release|Any CPU
		{FBECAEBC-A9DF-411A-8C0D-E0EE38B49E09}.AppStore|iPhoneSimulator.ActiveCfg = Release|Any CPU
		{FBECAEBC-A9DF-411A-8C0D-E0EE38B49E09}.AppStore|iPhoneSimulator.Build.0 = Release|Any CPU
		{FBECAEBC-A9DF-411A-8C0D-E0EE38B49E09}.AppStore|iPhoneSimulator.Deploy.0 = Release|Any CPU
		{FBECAEBC-A9DF-411A-8C0D-E0EE38B49E09}.AppStore|x64.ActiveCfg = Release|Any CPU
		{FBECAEBC-A9DF-411A-8C0D-E0EE38B49E09}.AppStore|x64.Build.0 = Release|Any CPU
		{FBECAEBC-A9DF-411A-8C0D-E0EE38B49E09}.AppStore|x64.Deploy.0 = Release|Any CPU
		{FBECAEBC-A9DF-411A-8C0D-E0EE38B49E09}.AppStore|x86.ActiveCfg = Release|Any CPU
		{FBECAEBC-A9DF-411A-8C0D-E0EE38B49E09}.AppStore|x86.Build.0 = Release|Any CPU
		{FBECAEBC-A9DF-411A-8C0D-E0EE38B49E09}.AppStore|x86.Deploy.0 = Release|Any CPU
		{FBECAEBC-A9DF-411A-8C0D-E0EE38B49E09}.Debug|Any CPU.ActiveCfg = Debug|Any CPU
		{FBECAEBC-A9DF-411A-8C0D-E0EE38B49E09}.Debug|Any CPU.Build.0 = Debug|Any CPU
		{FBECAEBC-A9DF-411A-8C0D-E0EE38B49E09}.Debug|Any CPU.Deploy.0 = Debug|Any CPU
		{FBECAEBC-A9DF-411A-8C0D-E0EE38B49E09}.Debug|ARM.ActiveCfg = Debug|Any CPU
		{FBECAEBC-A9DF-411A-8C0D-E0EE38B49E09}.Debug|ARM.Build.0 = Debug|Any CPU
		{FBECAEBC-A9DF-411A-8C0D-E0EE38B49E09}.Debug|ARM.Deploy.0 = Debug|Any CPU
		{FBECAEBC-A9DF-411A-8C0D-E0EE38B49E09}.Debug|iPhone.ActiveCfg = Debug|Any CPU
		{FBECAEBC-A9DF-411A-8C0D-E0EE38B49E09}.Debug|iPhone.Build.0 = Debug|Any CPU
		{FBECAEBC-A9DF-411A-8C0D-E0EE38B49E09}.Debug|iPhone.Deploy.0 = Debug|Any CPU
		{FBECAEBC-A9DF-411A-8C0D-E0EE38B49E09}.Debug|iPhoneSimulator.ActiveCfg = Debug|Any CPU
		{FBECAEBC-A9DF-411A-8C0D-E0EE38B49E09}.Debug|iPhoneSimulator.Build.0 = Debug|Any CPU
		{FBECAEBC-A9DF-411A-8C0D-E0EE38B49E09}.Debug|iPhoneSimulator.Deploy.0 = Debug|Any CPU
		{FBECAEBC-A9DF-411A-8C0D-E0EE38B49E09}.Debug|x64.ActiveCfg = Debug|Any CPU
		{FBECAEBC-A9DF-411A-8C0D-E0EE38B49E09}.Debug|x64.Build.0 = Debug|Any CPU
		{FBECAEBC-A9DF-411A-8C0D-E0EE38B49E09}.Debug|x64.Deploy.0 = Debug|Any CPU
		{FBECAEBC-A9DF-411A-8C0D-E0EE38B49E09}.Debug|x86.ActiveCfg = Debug|Any CPU
		{FBECAEBC-A9DF-411A-8C0D-E0EE38B49E09}.Debug|x86.Build.0 = Debug|Any CPU
		{FBECAEBC-A9DF-411A-8C0D-E0EE38B49E09}.Debug|x86.Deploy.0 = Debug|Any CPU
		{FBECAEBC-A9DF-411A-8C0D-E0EE38B49E09}.Release|Any CPU.ActiveCfg = Release|Any CPU
		{FBECAEBC-A9DF-411A-8C0D-E0EE38B49E09}.Release|Any CPU.Build.0 = Release|Any CPU
		{FBECAEBC-A9DF-411A-8C0D-E0EE38B49E09}.Release|Any CPU.Deploy.0 = Release|Any CPU
		{FBECAEBC-A9DF-411A-8C0D-E0EE38B49E09}.Release|ARM.ActiveCfg = Release|Any CPU
		{FBECAEBC-A9DF-411A-8C0D-E0EE38B49E09}.Release|ARM.Build.0 = Release|Any CPU
		{FBECAEBC-A9DF-411A-8C0D-E0EE38B49E09}.Release|ARM.Deploy.0 = Release|Any CPU
		{FBECAEBC-A9DF-411A-8C0D-E0EE38B49E09}.Release|iPhone.ActiveCfg = Release|Any CPU
		{FBECAEBC-A9DF-411A-8C0D-E0EE38B49E09}.Release|iPhone.Build.0 = Release|Any CPU
		{FBECAEBC-A9DF-411A-8C0D-E0EE38B49E09}.Release|iPhone.Deploy.0 = Release|Any CPU
		{FBECAEBC-A9DF-411A-8C0D-E0EE38B49E09}.Release|iPhoneSimulator.ActiveCfg = Release|Any CPU
		{FBECAEBC-A9DF-411A-8C0D-E0EE38B49E09}.Release|iPhoneSimulator.Build.0 = Release|Any CPU
		{FBECAEBC-A9DF-411A-8C0D-E0EE38B49E09}.Release|iPhoneSimulator.Deploy.0 = Release|Any CPU
		{FBECAEBC-A9DF-411A-8C0D-E0EE38B49E09}.Release|x64.ActiveCfg = Release|Any CPU
		{FBECAEBC-A9DF-411A-8C0D-E0EE38B49E09}.Release|x64.Build.0 = Release|Any CPU
		{FBECAEBC-A9DF-411A-8C0D-E0EE38B49E09}.Release|x64.Deploy.0 = Release|Any CPU
		{FBECAEBC-A9DF-411A-8C0D-E0EE38B49E09}.Release|x86.ActiveCfg = Release|Any CPU
		{FBECAEBC-A9DF-411A-8C0D-E0EE38B49E09}.Release|x86.Build.0 = Release|Any CPU
		{FBECAEBC-A9DF-411A-8C0D-E0EE38B49E09}.Release|x86.Deploy.0 = Release|Any CPU
		{6A300859-E102-4263-A599-7D5A49519575}.Ad-Hoc|Any CPU.ActiveCfg = Ad-Hoc|iPhoneSimulator
		{6A300859-E102-4263-A599-7D5A49519575}.Ad-Hoc|ARM.ActiveCfg = Ad-Hoc|iPhone
		{6A300859-E102-4263-A599-7D5A49519575}.Ad-Hoc|iPhone.ActiveCfg = Ad-Hoc|iPhone
		{6A300859-E102-4263-A599-7D5A49519575}.Ad-Hoc|iPhone.Build.0 = Ad-Hoc|iPhone
		{6A300859-E102-4263-A599-7D5A49519575}.Ad-Hoc|iPhoneSimulator.ActiveCfg = Ad-Hoc|iPhoneSimulator
		{6A300859-E102-4263-A599-7D5A49519575}.Ad-Hoc|iPhoneSimulator.Build.0 = Ad-Hoc|iPhoneSimulator
		{6A300859-E102-4263-A599-7D5A49519575}.Ad-Hoc|x64.ActiveCfg = Ad-Hoc|iPhone
		{6A300859-E102-4263-A599-7D5A49519575}.Ad-Hoc|x86.ActiveCfg = Ad-Hoc|iPhone
		{6A300859-E102-4263-A599-7D5A49519575}.AppStore|Any CPU.ActiveCfg = AppStore|iPhoneSimulator
		{6A300859-E102-4263-A599-7D5A49519575}.AppStore|ARM.ActiveCfg = AppStore|iPhone
		{6A300859-E102-4263-A599-7D5A49519575}.AppStore|iPhone.ActiveCfg = AppStore|iPhone
		{6A300859-E102-4263-A599-7D5A49519575}.AppStore|iPhone.Build.0 = AppStore|iPhone
		{6A300859-E102-4263-A599-7D5A49519575}.AppStore|iPhoneSimulator.ActiveCfg = AppStore|iPhoneSimulator
		{6A300859-E102-4263-A599-7D5A49519575}.AppStore|iPhoneSimulator.Build.0 = AppStore|iPhoneSimulator
		{6A300859-E102-4263-A599-7D5A49519575}.AppStore|x64.ActiveCfg = AppStore|iPhone
		{6A300859-E102-4263-A599-7D5A49519575}.AppStore|x86.ActiveCfg = AppStore|iPhone
		{6A300859-E102-4263-A599-7D5A49519575}.Debug|Any CPU.ActiveCfg = Debug|iPhoneSimulator
		{6A300859-E102-4263-A599-7D5A49519575}.Debug|ARM.ActiveCfg = Debug|iPhone
		{6A300859-E102-4263-A599-7D5A49519575}.Debug|iPhone.ActiveCfg = Debug|iPhone
		{6A300859-E102-4263-A599-7D5A49519575}.Debug|iPhone.Build.0 = Debug|iPhone
		{6A300859-E102-4263-A599-7D5A49519575}.Debug|iPhoneSimulator.ActiveCfg = Debug|iPhoneSimulator
		{6A300859-E102-4263-A599-7D5A49519575}.Debug|iPhoneSimulator.Build.0 = Debug|iPhoneSimulator
		{6A300859-E102-4263-A599-7D5A49519575}.Debug|x64.ActiveCfg = Debug|iPhone
		{6A300859-E102-4263-A599-7D5A49519575}.Debug|x86.ActiveCfg = Debug|iPhone
		{6A300859-E102-4263-A599-7D5A49519575}.Release|Any CPU.ActiveCfg = Release|iPhoneSimulator
		{6A300859-E102-4263-A599-7D5A49519575}.Release|ARM.ActiveCfg = Release|iPhone
		{6A300859-E102-4263-A599-7D5A49519575}.Release|iPhone.ActiveCfg = Release|iPhone
		{6A300859-E102-4263-A599-7D5A49519575}.Release|iPhone.Build.0 = Release|iPhone
		{6A300859-E102-4263-A599-7D5A49519575}.Release|iPhoneSimulator.ActiveCfg = Release|iPhoneSimulator
		{6A300859-E102-4263-A599-7D5A49519575}.Release|iPhoneSimulator.Build.0 = Release|iPhoneSimulator
		{6A300859-E102-4263-A599-7D5A49519575}.Release|x64.ActiveCfg = Release|iPhone
		{6A300859-E102-4263-A599-7D5A49519575}.Release|x86.ActiveCfg = Release|iPhone
		{4F808D71-8D6C-4EB3-9ABC-BAB825AA0F31}.Ad-Hoc|Any CPU.ActiveCfg = Release|x86
		{4F808D71-8D6C-4EB3-9ABC-BAB825AA0F31}.Ad-Hoc|Any CPU.Build.0 = Release|x86
		{4F808D71-8D6C-4EB3-9ABC-BAB825AA0F31}.Ad-Hoc|Any CPU.Deploy.0 = Release|x86
		{4F808D71-8D6C-4EB3-9ABC-BAB825AA0F31}.Ad-Hoc|ARM.ActiveCfg = Release|ARM
		{4F808D71-8D6C-4EB3-9ABC-BAB825AA0F31}.Ad-Hoc|ARM.Build.0 = Release|ARM
		{4F808D71-8D6C-4EB3-9ABC-BAB825AA0F31}.Ad-Hoc|ARM.Deploy.0 = Release|ARM
		{4F808D71-8D6C-4EB3-9ABC-BAB825AA0F31}.Ad-Hoc|iPhone.ActiveCfg = Release|x86
		{4F808D71-8D6C-4EB3-9ABC-BAB825AA0F31}.Ad-Hoc|iPhone.Build.0 = Release|x86
		{4F808D71-8D6C-4EB3-9ABC-BAB825AA0F31}.Ad-Hoc|iPhone.Deploy.0 = Release|x86
		{4F808D71-8D6C-4EB3-9ABC-BAB825AA0F31}.Ad-Hoc|iPhoneSimulator.ActiveCfg = Release|x86
		{4F808D71-8D6C-4EB3-9ABC-BAB825AA0F31}.Ad-Hoc|iPhoneSimulator.Build.0 = Release|x86
		{4F808D71-8D6C-4EB3-9ABC-BAB825AA0F31}.Ad-Hoc|iPhoneSimulator.Deploy.0 = Release|x86
		{4F808D71-8D6C-4EB3-9ABC-BAB825AA0F31}.Ad-Hoc|x64.ActiveCfg = Release|x64
		{4F808D71-8D6C-4EB3-9ABC-BAB825AA0F31}.Ad-Hoc|x64.Build.0 = Release|x64
		{4F808D71-8D6C-4EB3-9ABC-BAB825AA0F31}.Ad-Hoc|x64.Deploy.0 = Release|x64
		{4F808D71-8D6C-4EB3-9ABC-BAB825AA0F31}.Ad-Hoc|x86.ActiveCfg = Release|x86
		{4F808D71-8D6C-4EB3-9ABC-BAB825AA0F31}.Ad-Hoc|x86.Build.0 = Release|x86
		{4F808D71-8D6C-4EB3-9ABC-BAB825AA0F31}.Ad-Hoc|x86.Deploy.0 = Release|x86
		{4F808D71-8D6C-4EB3-9ABC-BAB825AA0F31}.AppStore|Any CPU.ActiveCfg = Release|x86
		{4F808D71-8D6C-4EB3-9ABC-BAB825AA0F31}.AppStore|Any CPU.Build.0 = Release|x86
		{4F808D71-8D6C-4EB3-9ABC-BAB825AA0F31}.AppStore|Any CPU.Deploy.0 = Release|x86
		{4F808D71-8D6C-4EB3-9ABC-BAB825AA0F31}.AppStore|ARM.ActiveCfg = Release|ARM
		{4F808D71-8D6C-4EB3-9ABC-BAB825AA0F31}.AppStore|ARM.Build.0 = Release|ARM
		{4F808D71-8D6C-4EB3-9ABC-BAB825AA0F31}.AppStore|ARM.Deploy.0 = Release|ARM
		{4F808D71-8D6C-4EB3-9ABC-BAB825AA0F31}.AppStore|iPhone.ActiveCfg = Release|x86
		{4F808D71-8D6C-4EB3-9ABC-BAB825AA0F31}.AppStore|iPhone.Build.0 = Release|x86
		{4F808D71-8D6C-4EB3-9ABC-BAB825AA0F31}.AppStore|iPhone.Deploy.0 = Release|x86
		{4F808D71-8D6C-4EB3-9ABC-BAB825AA0F31}.AppStore|iPhoneSimulator.ActiveCfg = Release|x86
		{4F808D71-8D6C-4EB3-9ABC-BAB825AA0F31}.AppStore|iPhoneSimulator.Build.0 = Release|x86
		{4F808D71-8D6C-4EB3-9ABC-BAB825AA0F31}.AppStore|iPhoneSimulator.Deploy.0 = Release|x86
		{4F808D71-8D6C-4EB3-9ABC-BAB825AA0F31}.AppStore|x64.ActiveCfg = Release|x64
		{4F808D71-8D6C-4EB3-9ABC-BAB825AA0F31}.AppStore|x64.Build.0 = Release|x64
		{4F808D71-8D6C-4EB3-9ABC-BAB825AA0F31}.AppStore|x64.Deploy.0 = Release|x64
		{4F808D71-8D6C-4EB3-9ABC-BAB825AA0F31}.AppStore|x86.ActiveCfg = Release|x86
		{4F808D71-8D6C-4EB3-9ABC-BAB825AA0F31}.AppStore|x86.Build.0 = Release|x86
		{4F808D71-8D6C-4EB3-9ABC-BAB825AA0F31}.AppStore|x86.Deploy.0 = Release|x86
		{4F808D71-8D6C-4EB3-9ABC-BAB825AA0F31}.Debug|Any CPU.ActiveCfg = Debug|x86
		{4F808D71-8D6C-4EB3-9ABC-BAB825AA0F31}.Debug|ARM.ActiveCfg = Debug|ARM
		{4F808D71-8D6C-4EB3-9ABC-BAB825AA0F31}.Debug|ARM.Build.0 = Debug|ARM
		{4F808D71-8D6C-4EB3-9ABC-BAB825AA0F31}.Debug|ARM.Deploy.0 = Debug|ARM
		{4F808D71-8D6C-4EB3-9ABC-BAB825AA0F31}.Debug|iPhone.ActiveCfg = Debug|x86
		{4F808D71-8D6C-4EB3-9ABC-BAB825AA0F31}.Debug|iPhoneSimulator.ActiveCfg = Debug|x86
		{4F808D71-8D6C-4EB3-9ABC-BAB825AA0F31}.Debug|x64.ActiveCfg = Debug|x64
		{4F808D71-8D6C-4EB3-9ABC-BAB825AA0F31}.Debug|x64.Build.0 = Debug|x64
		{4F808D71-8D6C-4EB3-9ABC-BAB825AA0F31}.Debug|x64.Deploy.0 = Debug|x64
		{4F808D71-8D6C-4EB3-9ABC-BAB825AA0F31}.Debug|x86.ActiveCfg = Debug|x86
		{4F808D71-8D6C-4EB3-9ABC-BAB825AA0F31}.Debug|x86.Build.0 = Debug|x86
		{4F808D71-8D6C-4EB3-9ABC-BAB825AA0F31}.Debug|x86.Deploy.0 = Debug|x86
		{4F808D71-8D6C-4EB3-9ABC-BAB825AA0F31}.Release|Any CPU.ActiveCfg = Release|x86
		{4F808D71-8D6C-4EB3-9ABC-BAB825AA0F31}.Release|ARM.ActiveCfg = Release|ARM
		{4F808D71-8D6C-4EB3-9ABC-BAB825AA0F31}.Release|ARM.Build.0 = Release|ARM
		{4F808D71-8D6C-4EB3-9ABC-BAB825AA0F31}.Release|ARM.Deploy.0 = Release|ARM
		{4F808D71-8D6C-4EB3-9ABC-BAB825AA0F31}.Release|iPhone.ActiveCfg = Release|x86
		{4F808D71-8D6C-4EB3-9ABC-BAB825AA0F31}.Release|iPhoneSimulator.ActiveCfg = Release|x86
		{4F808D71-8D6C-4EB3-9ABC-BAB825AA0F31}.Release|x64.ActiveCfg = Release|x64
		{4F808D71-8D6C-4EB3-9ABC-BAB825AA0F31}.Release|x64.Build.0 = Release|x64
		{4F808D71-8D6C-4EB3-9ABC-BAB825AA0F31}.Release|x64.Deploy.0 = Release|x64
		{4F808D71-8D6C-4EB3-9ABC-BAB825AA0F31}.Release|x86.ActiveCfg = Release|x86
		{4F808D71-8D6C-4EB3-9ABC-BAB825AA0F31}.Release|x86.Build.0 = Release|x86
		{4F808D71-8D6C-4EB3-9ABC-BAB825AA0F31}.Release|x86.Deploy.0 = Release|x86
		{CFD1D83B-C440-4C24-BAD1-DB7A5897374B}.Ad-Hoc|Any CPU.ActiveCfg = Debug|Any CPU
		{CFD1D83B-C440-4C24-BAD1-DB7A5897374B}.Ad-Hoc|Any CPU.Build.0 = Debug|Any CPU
		{CFD1D83B-C440-4C24-BAD1-DB7A5897374B}.Ad-Hoc|ARM.ActiveCfg = Debug|Any CPU
		{CFD1D83B-C440-4C24-BAD1-DB7A5897374B}.Ad-Hoc|ARM.Build.0 = Debug|Any CPU
		{CFD1D83B-C440-4C24-BAD1-DB7A5897374B}.Ad-Hoc|iPhone.ActiveCfg = Debug|Any CPU
		{CFD1D83B-C440-4C24-BAD1-DB7A5897374B}.Ad-Hoc|iPhone.Build.0 = Debug|Any CPU
		{CFD1D83B-C440-4C24-BAD1-DB7A5897374B}.Ad-Hoc|iPhoneSimulator.ActiveCfg = Debug|Any CPU
		{CFD1D83B-C440-4C24-BAD1-DB7A5897374B}.Ad-Hoc|iPhoneSimulator.Build.0 = Debug|Any CPU
		{CFD1D83B-C440-4C24-BAD1-DB7A5897374B}.Ad-Hoc|x64.ActiveCfg = Debug|Any CPU
		{CFD1D83B-C440-4C24-BAD1-DB7A5897374B}.Ad-Hoc|x64.Build.0 = Debug|Any CPU
		{CFD1D83B-C440-4C24-BAD1-DB7A5897374B}.Ad-Hoc|x86.ActiveCfg = Debug|Any CPU
		{CFD1D83B-C440-4C24-BAD1-DB7A5897374B}.Ad-Hoc|x86.Build.0 = Debug|Any CPU
		{CFD1D83B-C440-4C24-BAD1-DB7A5897374B}.AppStore|Any CPU.ActiveCfg = Debug|Any CPU
		{CFD1D83B-C440-4C24-BAD1-DB7A5897374B}.AppStore|Any CPU.Build.0 = Debug|Any CPU
		{CFD1D83B-C440-4C24-BAD1-DB7A5897374B}.AppStore|ARM.ActiveCfg = Debug|Any CPU
		{CFD1D83B-C440-4C24-BAD1-DB7A5897374B}.AppStore|ARM.Build.0 = Debug|Any CPU
		{CFD1D83B-C440-4C24-BAD1-DB7A5897374B}.AppStore|iPhone.ActiveCfg = Debug|Any CPU
		{CFD1D83B-C440-4C24-BAD1-DB7A5897374B}.AppStore|iPhone.Build.0 = Debug|Any CPU
		{CFD1D83B-C440-4C24-BAD1-DB7A5897374B}.AppStore|iPhoneSimulator.ActiveCfg = Debug|Any CPU
		{CFD1D83B-C440-4C24-BAD1-DB7A5897374B}.AppStore|iPhoneSimulator.Build.0 = Debug|Any CPU
		{CFD1D83B-C440-4C24-BAD1-DB7A5897374B}.AppStore|x64.ActiveCfg = Debug|Any CPU
		{CFD1D83B-C440-4C24-BAD1-DB7A5897374B}.AppStore|x64.Build.0 = Debug|Any CPU
		{CFD1D83B-C440-4C24-BAD1-DB7A5897374B}.AppStore|x86.ActiveCfg = Debug|Any CPU
		{CFD1D83B-C440-4C24-BAD1-DB7A5897374B}.AppStore|x86.Build.0 = Debug|Any CPU
		{CFD1D83B-C440-4C24-BAD1-DB7A5897374B}.Debug|Any CPU.ActiveCfg = Debug|Any CPU
		{CFD1D83B-C440-4C24-BAD1-DB7A5897374B}.Debug|Any CPU.Build.0 = Debug|Any CPU
		{CFD1D83B-C440-4C24-BAD1-DB7A5897374B}.Debug|ARM.ActiveCfg = Debug|Any CPU
		{CFD1D83B-C440-4C24-BAD1-DB7A5897374B}.Debug|ARM.Build.0 = Debug|Any CPU
		{CFD1D83B-C440-4C24-BAD1-DB7A5897374B}.Debug|iPhone.ActiveCfg = Debug|Any CPU
		{CFD1D83B-C440-4C24-BAD1-DB7A5897374B}.Debug|iPhone.Build.0 = Debug|Any CPU
		{CFD1D83B-C440-4C24-BAD1-DB7A5897374B}.Debug|iPhoneSimulator.ActiveCfg = Debug|Any CPU
		{CFD1D83B-C440-4C24-BAD1-DB7A5897374B}.Debug|iPhoneSimulator.Build.0 = Debug|Any CPU
		{CFD1D83B-C440-4C24-BAD1-DB7A5897374B}.Debug|x64.ActiveCfg = Debug|Any CPU
		{CFD1D83B-C440-4C24-BAD1-DB7A5897374B}.Debug|x64.Build.0 = Debug|Any CPU
		{CFD1D83B-C440-4C24-BAD1-DB7A5897374B}.Debug|x86.ActiveCfg = Debug|Any CPU
		{CFD1D83B-C440-4C24-BAD1-DB7A5897374B}.Debug|x86.Build.0 = Debug|Any CPU
		{CFD1D83B-C440-4C24-BAD1-DB7A5897374B}.Release|Any CPU.ActiveCfg = Release|Any CPU
		{CFD1D83B-C440-4C24-BAD1-DB7A5897374B}.Release|Any CPU.Build.0 = Release|Any CPU
		{CFD1D83B-C440-4C24-BAD1-DB7A5897374B}.Release|ARM.ActiveCfg = Release|Any CPU
		{CFD1D83B-C440-4C24-BAD1-DB7A5897374B}.Release|ARM.Build.0 = Release|Any CPU
		{CFD1D83B-C440-4C24-BAD1-DB7A5897374B}.Release|iPhone.ActiveCfg = Release|Any CPU
		{CFD1D83B-C440-4C24-BAD1-DB7A5897374B}.Release|iPhone.Build.0 = Release|Any CPU
		{CFD1D83B-C440-4C24-BAD1-DB7A5897374B}.Release|iPhoneSimulator.ActiveCfg = Release|Any CPU
		{CFD1D83B-C440-4C24-BAD1-DB7A5897374B}.Release|iPhoneSimulator.Build.0 = Release|Any CPU
		{CFD1D83B-C440-4C24-BAD1-DB7A5897374B}.Release|x64.ActiveCfg = Release|Any CPU
		{CFD1D83B-C440-4C24-BAD1-DB7A5897374B}.Release|x64.Build.0 = Release|Any CPU
		{CFD1D83B-C440-4C24-BAD1-DB7A5897374B}.Release|x86.ActiveCfg = Release|Any CPU
		{CFD1D83B-C440-4C24-BAD1-DB7A5897374B}.Release|x86.Build.0 = Release|Any CPU
		{4EE5232B-75D8-4E55-B8C4-115951BC8CA8}.Ad-Hoc|Any CPU.ActiveCfg = Debug|Any CPU
		{4EE5232B-75D8-4E55-B8C4-115951BC8CA8}.Ad-Hoc|Any CPU.Build.0 = Debug|Any CPU
		{4EE5232B-75D8-4E55-B8C4-115951BC8CA8}.Ad-Hoc|ARM.ActiveCfg = Debug|Any CPU
		{4EE5232B-75D8-4E55-B8C4-115951BC8CA8}.Ad-Hoc|ARM.Build.0 = Debug|Any CPU
		{4EE5232B-75D8-4E55-B8C4-115951BC8CA8}.Ad-Hoc|iPhone.ActiveCfg = Debug|Any CPU
		{4EE5232B-75D8-4E55-B8C4-115951BC8CA8}.Ad-Hoc|iPhone.Build.0 = Debug|Any CPU
		{4EE5232B-75D8-4E55-B8C4-115951BC8CA8}.Ad-Hoc|iPhoneSimulator.ActiveCfg = Debug|Any CPU
		{4EE5232B-75D8-4E55-B8C4-115951BC8CA8}.Ad-Hoc|iPhoneSimulator.Build.0 = Debug|Any CPU
		{4EE5232B-75D8-4E55-B8C4-115951BC8CA8}.Ad-Hoc|x64.ActiveCfg = Debug|Any CPU
		{4EE5232B-75D8-4E55-B8C4-115951BC8CA8}.Ad-Hoc|x64.Build.0 = Debug|Any CPU
		{4EE5232B-75D8-4E55-B8C4-115951BC8CA8}.Ad-Hoc|x86.ActiveCfg = Debug|Any CPU
		{4EE5232B-75D8-4E55-B8C4-115951BC8CA8}.Ad-Hoc|x86.Build.0 = Debug|Any CPU
		{4EE5232B-75D8-4E55-B8C4-115951BC8CA8}.AppStore|Any CPU.ActiveCfg = Debug|Any CPU
		{4EE5232B-75D8-4E55-B8C4-115951BC8CA8}.AppStore|Any CPU.Build.0 = Debug|Any CPU
		{4EE5232B-75D8-4E55-B8C4-115951BC8CA8}.AppStore|ARM.ActiveCfg = Debug|Any CPU
		{4EE5232B-75D8-4E55-B8C4-115951BC8CA8}.AppStore|ARM.Build.0 = Debug|Any CPU
		{4EE5232B-75D8-4E55-B8C4-115951BC8CA8}.AppStore|iPhone.ActiveCfg = Debug|Any CPU
		{4EE5232B-75D8-4E55-B8C4-115951BC8CA8}.AppStore|iPhone.Build.0 = Debug|Any CPU
		{4EE5232B-75D8-4E55-B8C4-115951BC8CA8}.AppStore|iPhoneSimulator.ActiveCfg = Debug|Any CPU
		{4EE5232B-75D8-4E55-B8C4-115951BC8CA8}.AppStore|iPhoneSimulator.Build.0 = Debug|Any CPU
		{4EE5232B-75D8-4E55-B8C4-115951BC8CA8}.AppStore|x64.ActiveCfg = Debug|Any CPU
		{4EE5232B-75D8-4E55-B8C4-115951BC8CA8}.AppStore|x64.Build.0 = Debug|Any CPU
		{4EE5232B-75D8-4E55-B8C4-115951BC8CA8}.AppStore|x86.ActiveCfg = Debug|Any CPU
		{4EE5232B-75D8-4E55-B8C4-115951BC8CA8}.AppStore|x86.Build.0 = Debug|Any CPU
		{4EE5232B-75D8-4E55-B8C4-115951BC8CA8}.Debug|Any CPU.ActiveCfg = Debug|Any CPU
		{4EE5232B-75D8-4E55-B8C4-115951BC8CA8}.Debug|Any CPU.Build.0 = Debug|Any CPU
		{4EE5232B-75D8-4E55-B8C4-115951BC8CA8}.Debug|ARM.ActiveCfg = Debug|Any CPU
		{4EE5232B-75D8-4E55-B8C4-115951BC8CA8}.Debug|ARM.Build.0 = Debug|Any CPU
		{4EE5232B-75D8-4E55-B8C4-115951BC8CA8}.Debug|iPhone.ActiveCfg = Debug|Any CPU
		{4EE5232B-75D8-4E55-B8C4-115951BC8CA8}.Debug|iPhone.Build.0 = Debug|Any CPU
		{4EE5232B-75D8-4E55-B8C4-115951BC8CA8}.Debug|iPhoneSimulator.ActiveCfg = Debug|Any CPU
		{4EE5232B-75D8-4E55-B8C4-115951BC8CA8}.Debug|iPhoneSimulator.Build.0 = Debug|Any CPU
		{4EE5232B-75D8-4E55-B8C4-115951BC8CA8}.Debug|x64.ActiveCfg = Debug|Any CPU
		{4EE5232B-75D8-4E55-B8C4-115951BC8CA8}.Debug|x64.Build.0 = Debug|Any CPU
		{4EE5232B-75D8-4E55-B8C4-115951BC8CA8}.Debug|x86.ActiveCfg = Debug|Any CPU
		{4EE5232B-75D8-4E55-B8C4-115951BC8CA8}.Debug|x86.Build.0 = Debug|Any CPU
		{4EE5232B-75D8-4E55-B8C4-115951BC8CA8}.Release|Any CPU.ActiveCfg = Release|Any CPU
		{4EE5232B-75D8-4E55-B8C4-115951BC8CA8}.Release|Any CPU.Build.0 = Release|Any CPU
		{4EE5232B-75D8-4E55-B8C4-115951BC8CA8}.Release|ARM.ActiveCfg = Release|Any CPU
		{4EE5232B-75D8-4E55-B8C4-115951BC8CA8}.Release|ARM.Build.0 = Release|Any CPU
		{4EE5232B-75D8-4E55-B8C4-115951BC8CA8}.Release|iPhone.ActiveCfg = Release|Any CPU
		{4EE5232B-75D8-4E55-B8C4-115951BC8CA8}.Release|iPhone.Build.0 = Release|Any CPU
		{4EE5232B-75D8-4E55-B8C4-115951BC8CA8}.Release|iPhoneSimulator.ActiveCfg = Release|Any CPU
		{4EE5232B-75D8-4E55-B8C4-115951BC8CA8}.Release|iPhoneSimulator.Build.0 = Release|Any CPU
		{4EE5232B-75D8-4E55-B8C4-115951BC8CA8}.Release|x64.ActiveCfg = Release|Any CPU
		{4EE5232B-75D8-4E55-B8C4-115951BC8CA8}.Release|x64.Build.0 = Release|Any CPU
		{4EE5232B-75D8-4E55-B8C4-115951BC8CA8}.Release|x86.ActiveCfg = Release|Any CPU
		{4EE5232B-75D8-4E55-B8C4-115951BC8CA8}.Release|x86.Build.0 = Release|Any CPU
		{80E9656A-7920-4003-94DC-0C72CBDE3F78}.Ad-Hoc|Any CPU.ActiveCfg = Debug|Any CPU
		{80E9656A-7920-4003-94DC-0C72CBDE3F78}.Ad-Hoc|Any CPU.Build.0 = Debug|Any CPU
		{80E9656A-7920-4003-94DC-0C72CBDE3F78}.Ad-Hoc|ARM.ActiveCfg = Debug|Any CPU
		{80E9656A-7920-4003-94DC-0C72CBDE3F78}.Ad-Hoc|ARM.Build.0 = Debug|Any CPU
		{80E9656A-7920-4003-94DC-0C72CBDE3F78}.Ad-Hoc|iPhone.ActiveCfg = Debug|Any CPU
		{80E9656A-7920-4003-94DC-0C72CBDE3F78}.Ad-Hoc|iPhone.Build.0 = Debug|Any CPU
		{80E9656A-7920-4003-94DC-0C72CBDE3F78}.Ad-Hoc|iPhoneSimulator.ActiveCfg = Debug|Any CPU
		{80E9656A-7920-4003-94DC-0C72CBDE3F78}.Ad-Hoc|iPhoneSimulator.Build.0 = Debug|Any CPU
		{80E9656A-7920-4003-94DC-0C72CBDE3F78}.Ad-Hoc|x64.ActiveCfg = Debug|Any CPU
		{80E9656A-7920-4003-94DC-0C72CBDE3F78}.Ad-Hoc|x64.Build.0 = Debug|Any CPU
		{80E9656A-7920-4003-94DC-0C72CBDE3F78}.Ad-Hoc|x86.ActiveCfg = Debug|Any CPU
		{80E9656A-7920-4003-94DC-0C72CBDE3F78}.Ad-Hoc|x86.Build.0 = Debug|Any CPU
		{80E9656A-7920-4003-94DC-0C72CBDE3F78}.AppStore|Any CPU.ActiveCfg = Debug|Any CPU
		{80E9656A-7920-4003-94DC-0C72CBDE3F78}.AppStore|Any CPU.Build.0 = Debug|Any CPU
		{80E9656A-7920-4003-94DC-0C72CBDE3F78}.AppStore|ARM.ActiveCfg = Debug|Any CPU
		{80E9656A-7920-4003-94DC-0C72CBDE3F78}.AppStore|ARM.Build.0 = Debug|Any CPU
		{80E9656A-7920-4003-94DC-0C72CBDE3F78}.AppStore|iPhone.ActiveCfg = Debug|Any CPU
		{80E9656A-7920-4003-94DC-0C72CBDE3F78}.AppStore|iPhone.Build.0 = Debug|Any CPU
		{80E9656A-7920-4003-94DC-0C72CBDE3F78}.AppStore|iPhoneSimulator.ActiveCfg = Debug|Any CPU
		{80E9656A-7920-4003-94DC-0C72CBDE3F78}.AppStore|iPhoneSimulator.Build.0 = Debug|Any CPU
		{80E9656A-7920-4003-94DC-0C72CBDE3F78}.AppStore|x64.ActiveCfg = Debug|Any CPU
		{80E9656A-7920-4003-94DC-0C72CBDE3F78}.AppStore|x64.Build.0 = Debug|Any CPU
		{80E9656A-7920-4003-94DC-0C72CBDE3F78}.AppStore|x86.ActiveCfg = Debug|Any CPU
		{80E9656A-7920-4003-94DC-0C72CBDE3F78}.AppStore|x86.Build.0 = Debug|Any CPU
		{80E9656A-7920-4003-94DC-0C72CBDE3F78}.Debug|Any CPU.ActiveCfg = Debug|Any CPU
		{80E9656A-7920-4003-94DC-0C72CBDE3F78}.Debug|Any CPU.Build.0 = Debug|Any CPU
		{80E9656A-7920-4003-94DC-0C72CBDE3F78}.Debug|ARM.ActiveCfg = Debug|Any CPU
		{80E9656A-7920-4003-94DC-0C72CBDE3F78}.Debug|ARM.Build.0 = Debug|Any CPU
		{80E9656A-7920-4003-94DC-0C72CBDE3F78}.Debug|iPhone.ActiveCfg = Debug|Any CPU
		{80E9656A-7920-4003-94DC-0C72CBDE3F78}.Debug|iPhone.Build.0 = Debug|Any CPU
		{80E9656A-7920-4003-94DC-0C72CBDE3F78}.Debug|iPhoneSimulator.ActiveCfg = Debug|Any CPU
		{80E9656A-7920-4003-94DC-0C72CBDE3F78}.Debug|iPhoneSimulator.Build.0 = Debug|Any CPU
		{80E9656A-7920-4003-94DC-0C72CBDE3F78}.Debug|x64.ActiveCfg = Debug|Any CPU
		{80E9656A-7920-4003-94DC-0C72CBDE3F78}.Debug|x64.Build.0 = Debug|Any CPU
		{80E9656A-7920-4003-94DC-0C72CBDE3F78}.Debug|x86.ActiveCfg = Debug|Any CPU
		{80E9656A-7920-4003-94DC-0C72CBDE3F78}.Debug|x86.Build.0 = Debug|Any CPU
		{80E9656A-7920-4003-94DC-0C72CBDE3F78}.Release|Any CPU.ActiveCfg = Release|Any CPU
		{80E9656A-7920-4003-94DC-0C72CBDE3F78}.Release|Any CPU.Build.0 = Release|Any CPU
		{80E9656A-7920-4003-94DC-0C72CBDE3F78}.Release|ARM.ActiveCfg = Release|Any CPU
		{80E9656A-7920-4003-94DC-0C72CBDE3F78}.Release|ARM.Build.0 = Release|Any CPU
		{80E9656A-7920-4003-94DC-0C72CBDE3F78}.Release|iPhone.ActiveCfg = Release|Any CPU
		{80E9656A-7920-4003-94DC-0C72CBDE3F78}.Release|iPhone.Build.0 = Release|Any CPU
		{80E9656A-7920-4003-94DC-0C72CBDE3F78}.Release|iPhoneSimulator.ActiveCfg = Release|Any CPU
		{80E9656A-7920-4003-94DC-0C72CBDE3F78}.Release|iPhoneSimulator.Build.0 = Release|Any CPU
		{80E9656A-7920-4003-94DC-0C72CBDE3F78}.Release|x64.ActiveCfg = Release|Any CPU
		{80E9656A-7920-4003-94DC-0C72CBDE3F78}.Release|x64.Build.0 = Release|Any CPU
		{80E9656A-7920-4003-94DC-0C72CBDE3F78}.Release|x86.ActiveCfg = Release|Any CPU
		{80E9656A-7920-4003-94DC-0C72CBDE3F78}.Release|x86.Build.0 = Release|Any CPU
		{BC01AADA-BB28-4A94-89D7-1C78F0325C2A}.Ad-Hoc|Any CPU.ActiveCfg = Debug|Any CPU
		{BC01AADA-BB28-4A94-89D7-1C78F0325C2A}.Ad-Hoc|Any CPU.Build.0 = Debug|Any CPU
		{BC01AADA-BB28-4A94-89D7-1C78F0325C2A}.Ad-Hoc|ARM.ActiveCfg = Debug|Any CPU
		{BC01AADA-BB28-4A94-89D7-1C78F0325C2A}.Ad-Hoc|ARM.Build.0 = Debug|Any CPU
		{BC01AADA-BB28-4A94-89D7-1C78F0325C2A}.Ad-Hoc|iPhone.ActiveCfg = Debug|Any CPU
		{BC01AADA-BB28-4A94-89D7-1C78F0325C2A}.Ad-Hoc|iPhone.Build.0 = Debug|Any CPU
		{BC01AADA-BB28-4A94-89D7-1C78F0325C2A}.Ad-Hoc|iPhoneSimulator.ActiveCfg = Debug|Any CPU
		{BC01AADA-BB28-4A94-89D7-1C78F0325C2A}.Ad-Hoc|iPhoneSimulator.Build.0 = Debug|Any CPU
		{BC01AADA-BB28-4A94-89D7-1C78F0325C2A}.Ad-Hoc|x64.ActiveCfg = Debug|Any CPU
		{BC01AADA-BB28-4A94-89D7-1C78F0325C2A}.Ad-Hoc|x64.Build.0 = Debug|Any CPU
		{BC01AADA-BB28-4A94-89D7-1C78F0325C2A}.Ad-Hoc|x86.ActiveCfg = Debug|Any CPU
		{BC01AADA-BB28-4A94-89D7-1C78F0325C2A}.Ad-Hoc|x86.Build.0 = Debug|Any CPU
		{BC01AADA-BB28-4A94-89D7-1C78F0325C2A}.AppStore|Any CPU.ActiveCfg = Debug|Any CPU
		{BC01AADA-BB28-4A94-89D7-1C78F0325C2A}.AppStore|Any CPU.Build.0 = Debug|Any CPU
		{BC01AADA-BB28-4A94-89D7-1C78F0325C2A}.AppStore|ARM.ActiveCfg = Debug|Any CPU
		{BC01AADA-BB28-4A94-89D7-1C78F0325C2A}.AppStore|ARM.Build.0 = Debug|Any CPU
		{BC01AADA-BB28-4A94-89D7-1C78F0325C2A}.AppStore|iPhone.ActiveCfg = Debug|Any CPU
		{BC01AADA-BB28-4A94-89D7-1C78F0325C2A}.AppStore|iPhone.Build.0 = Debug|Any CPU
		{BC01AADA-BB28-4A94-89D7-1C78F0325C2A}.AppStore|iPhoneSimulator.ActiveCfg = Debug|Any CPU
		{BC01AADA-BB28-4A94-89D7-1C78F0325C2A}.AppStore|iPhoneSimulator.Build.0 = Debug|Any CPU
		{BC01AADA-BB28-4A94-89D7-1C78F0325C2A}.AppStore|x64.ActiveCfg = Debug|Any CPU
		{BC01AADA-BB28-4A94-89D7-1C78F0325C2A}.AppStore|x64.Build.0 = Debug|Any CPU
		{BC01AADA-BB28-4A94-89D7-1C78F0325C2A}.AppStore|x86.ActiveCfg = Debug|Any CPU
		{BC01AADA-BB28-4A94-89D7-1C78F0325C2A}.AppStore|x86.Build.0 = Debug|Any CPU
		{BC01AADA-BB28-4A94-89D7-1C78F0325C2A}.Debug|Any CPU.ActiveCfg = Debug|Any CPU
		{BC01AADA-BB28-4A94-89D7-1C78F0325C2A}.Debug|Any CPU.Build.0 = Debug|Any CPU
		{BC01AADA-BB28-4A94-89D7-1C78F0325C2A}.Debug|ARM.ActiveCfg = Debug|Any CPU
		{BC01AADA-BB28-4A94-89D7-1C78F0325C2A}.Debug|ARM.Build.0 = Debug|Any CPU
		{BC01AADA-BB28-4A94-89D7-1C78F0325C2A}.Debug|iPhone.ActiveCfg = Debug|Any CPU
		{BC01AADA-BB28-4A94-89D7-1C78F0325C2A}.Debug|iPhone.Build.0 = Debug|Any CPU
		{BC01AADA-BB28-4A94-89D7-1C78F0325C2A}.Debug|iPhoneSimulator.ActiveCfg = Debug|Any CPU
		{BC01AADA-BB28-4A94-89D7-1C78F0325C2A}.Debug|iPhoneSimulator.Build.0 = Debug|Any CPU
		{BC01AADA-BB28-4A94-89D7-1C78F0325C2A}.Debug|x64.ActiveCfg = Debug|Any CPU
		{BC01AADA-BB28-4A94-89D7-1C78F0325C2A}.Debug|x64.Build.0 = Debug|Any CPU
		{BC01AADA-BB28-4A94-89D7-1C78F0325C2A}.Debug|x86.ActiveCfg = Debug|Any CPU
		{BC01AADA-BB28-4A94-89D7-1C78F0325C2A}.Debug|x86.Build.0 = Debug|Any CPU
		{BC01AADA-BB28-4A94-89D7-1C78F0325C2A}.Release|Any CPU.ActiveCfg = Release|Any CPU
		{BC01AADA-BB28-4A94-89D7-1C78F0325C2A}.Release|Any CPU.Build.0 = Release|Any CPU
		{BC01AADA-BB28-4A94-89D7-1C78F0325C2A}.Release|ARM.ActiveCfg = Release|Any CPU
		{BC01AADA-BB28-4A94-89D7-1C78F0325C2A}.Release|ARM.Build.0 = Release|Any CPU
		{BC01AADA-BB28-4A94-89D7-1C78F0325C2A}.Release|iPhone.ActiveCfg = Release|Any CPU
		{BC01AADA-BB28-4A94-89D7-1C78F0325C2A}.Release|iPhone.Build.0 = Release|Any CPU
		{BC01AADA-BB28-4A94-89D7-1C78F0325C2A}.Release|iPhoneSimulator.ActiveCfg = Release|Any CPU
		{BC01AADA-BB28-4A94-89D7-1C78F0325C2A}.Release|iPhoneSimulator.Build.0 = Release|Any CPU
		{BC01AADA-BB28-4A94-89D7-1C78F0325C2A}.Release|x64.ActiveCfg = Release|Any CPU
		{BC01AADA-BB28-4A94-89D7-1C78F0325C2A}.Release|x64.Build.0 = Release|Any CPU
		{BC01AADA-BB28-4A94-89D7-1C78F0325C2A}.Release|x86.ActiveCfg = Release|Any CPU
		{BC01AADA-BB28-4A94-89D7-1C78F0325C2A}.Release|x86.Build.0 = Release|Any CPU
		{B9AE5BCB-3919-4553-8054-8583850E77EB}.Ad-Hoc|Any CPU.ActiveCfg = Debug|Any CPU
		{B9AE5BCB-3919-4553-8054-8583850E77EB}.Ad-Hoc|Any CPU.Build.0 = Debug|Any CPU
		{B9AE5BCB-3919-4553-8054-8583850E77EB}.Ad-Hoc|ARM.ActiveCfg = Debug|Any CPU
		{B9AE5BCB-3919-4553-8054-8583850E77EB}.Ad-Hoc|ARM.Build.0 = Debug|Any CPU
		{B9AE5BCB-3919-4553-8054-8583850E77EB}.Ad-Hoc|iPhone.ActiveCfg = Debug|Any CPU
		{B9AE5BCB-3919-4553-8054-8583850E77EB}.Ad-Hoc|iPhone.Build.0 = Debug|Any CPU
		{B9AE5BCB-3919-4553-8054-8583850E77EB}.Ad-Hoc|iPhoneSimulator.ActiveCfg = Debug|Any CPU
		{B9AE5BCB-3919-4553-8054-8583850E77EB}.Ad-Hoc|iPhoneSimulator.Build.0 = Debug|Any CPU
		{B9AE5BCB-3919-4553-8054-8583850E77EB}.Ad-Hoc|x64.ActiveCfg = Debug|Any CPU
		{B9AE5BCB-3919-4553-8054-8583850E77EB}.Ad-Hoc|x64.Build.0 = Debug|Any CPU
		{B9AE5BCB-3919-4553-8054-8583850E77EB}.Ad-Hoc|x86.ActiveCfg = Debug|Any CPU
		{B9AE5BCB-3919-4553-8054-8583850E77EB}.Ad-Hoc|x86.Build.0 = Debug|Any CPU
		{B9AE5BCB-3919-4553-8054-8583850E77EB}.AppStore|Any CPU.ActiveCfg = Debug|Any CPU
		{B9AE5BCB-3919-4553-8054-8583850E77EB}.AppStore|Any CPU.Build.0 = Debug|Any CPU
		{B9AE5BCB-3919-4553-8054-8583850E77EB}.AppStore|ARM.ActiveCfg = Debug|Any CPU
		{B9AE5BCB-3919-4553-8054-8583850E77EB}.AppStore|ARM.Build.0 = Debug|Any CPU
		{B9AE5BCB-3919-4553-8054-8583850E77EB}.AppStore|iPhone.ActiveCfg = Debug|Any CPU
		{B9AE5BCB-3919-4553-8054-8583850E77EB}.AppStore|iPhone.Build.0 = Debug|Any CPU
		{B9AE5BCB-3919-4553-8054-8583850E77EB}.AppStore|iPhoneSimulator.ActiveCfg = Debug|Any CPU
		{B9AE5BCB-3919-4553-8054-8583850E77EB}.AppStore|iPhoneSimulator.Build.0 = Debug|Any CPU
		{B9AE5BCB-3919-4553-8054-8583850E77EB}.AppStore|x64.ActiveCfg = Debug|Any CPU
		{B9AE5BCB-3919-4553-8054-8583850E77EB}.AppStore|x64.Build.0 = Debug|Any CPU
		{B9AE5BCB-3919-4553-8054-8583850E77EB}.AppStore|x86.ActiveCfg = Debug|Any CPU
		{B9AE5BCB-3919-4553-8054-8583850E77EB}.AppStore|x86.Build.0 = Debug|Any CPU
		{B9AE5BCB-3919-4553-8054-8583850E77EB}.Debug|Any CPU.ActiveCfg = Debug|Any CPU
		{B9AE5BCB-3919-4553-8054-8583850E77EB}.Debug|Any CPU.Build.0 = Debug|Any CPU
		{B9AE5BCB-3919-4553-8054-8583850E77EB}.Debug|ARM.ActiveCfg = Debug|Any CPU
		{B9AE5BCB-3919-4553-8054-8583850E77EB}.Debug|ARM.Build.0 = Debug|Any CPU
		{B9AE5BCB-3919-4553-8054-8583850E77EB}.Debug|iPhone.ActiveCfg = Debug|Any CPU
		{B9AE5BCB-3919-4553-8054-8583850E77EB}.Debug|iPhone.Build.0 = Debug|Any CPU
		{B9AE5BCB-3919-4553-8054-8583850E77EB}.Debug|iPhoneSimulator.ActiveCfg = Debug|Any CPU
		{B9AE5BCB-3919-4553-8054-8583850E77EB}.Debug|iPhoneSimulator.Build.0 = Debug|Any CPU
		{B9AE5BCB-3919-4553-8054-8583850E77EB}.Debug|x64.ActiveCfg = Debug|Any CPU
		{B9AE5BCB-3919-4553-8054-8583850E77EB}.Debug|x64.Build.0 = Debug|Any CPU
		{B9AE5BCB-3919-4553-8054-8583850E77EB}.Debug|x86.ActiveCfg = Debug|Any CPU
		{B9AE5BCB-3919-4553-8054-8583850E77EB}.Debug|x86.Build.0 = Debug|Any CPU
		{B9AE5BCB-3919-4553-8054-8583850E77EB}.Release|Any CPU.ActiveCfg = Release|Any CPU
		{B9AE5BCB-3919-4553-8054-8583850E77EB}.Release|Any CPU.Build.0 = Release|Any CPU
		{B9AE5BCB-3919-4553-8054-8583850E77EB}.Release|ARM.ActiveCfg = Release|Any CPU
		{B9AE5BCB-3919-4553-8054-8583850E77EB}.Release|ARM.Build.0 = Release|Any CPU
		{B9AE5BCB-3919-4553-8054-8583850E77EB}.Release|iPhone.ActiveCfg = Release|Any CPU
		{B9AE5BCB-3919-4553-8054-8583850E77EB}.Release|iPhone.Build.0 = Release|Any CPU
		{B9AE5BCB-3919-4553-8054-8583850E77EB}.Release|iPhoneSimulator.ActiveCfg = Release|Any CPU
		{B9AE5BCB-3919-4553-8054-8583850E77EB}.Release|iPhoneSimulator.Build.0 = Release|Any CPU
		{B9AE5BCB-3919-4553-8054-8583850E77EB}.Release|x64.ActiveCfg = Release|Any CPU
		{B9AE5BCB-3919-4553-8054-8583850E77EB}.Release|x64.Build.0 = Release|Any CPU
		{B9AE5BCB-3919-4553-8054-8583850E77EB}.Release|x86.ActiveCfg = Release|Any CPU
		{B9AE5BCB-3919-4553-8054-8583850E77EB}.Release|x86.Build.0 = Release|Any CPU
		{6F88738F-AAB6-459A-A9E1-F84AC14673CF}.Ad-Hoc|Any CPU.ActiveCfg = Debug|Any CPU
		{6F88738F-AAB6-459A-A9E1-F84AC14673CF}.Ad-Hoc|Any CPU.Build.0 = Debug|Any CPU
		{6F88738F-AAB6-459A-A9E1-F84AC14673CF}.Ad-Hoc|ARM.ActiveCfg = Debug|Any CPU
		{6F88738F-AAB6-459A-A9E1-F84AC14673CF}.Ad-Hoc|ARM.Build.0 = Debug|Any CPU
		{6F88738F-AAB6-459A-A9E1-F84AC14673CF}.Ad-Hoc|iPhone.ActiveCfg = Debug|Any CPU
		{6F88738F-AAB6-459A-A9E1-F84AC14673CF}.Ad-Hoc|iPhone.Build.0 = Debug|Any CPU
		{6F88738F-AAB6-459A-A9E1-F84AC14673CF}.Ad-Hoc|iPhoneSimulator.ActiveCfg = Debug|Any CPU
		{6F88738F-AAB6-459A-A9E1-F84AC14673CF}.Ad-Hoc|iPhoneSimulator.Build.0 = Debug|Any CPU
		{6F88738F-AAB6-459A-A9E1-F84AC14673CF}.Ad-Hoc|x64.ActiveCfg = Debug|Any CPU
		{6F88738F-AAB6-459A-A9E1-F84AC14673CF}.Ad-Hoc|x64.Build.0 = Debug|Any CPU
		{6F88738F-AAB6-459A-A9E1-F84AC14673CF}.Ad-Hoc|x86.ActiveCfg = Debug|Any CPU
		{6F88738F-AAB6-459A-A9E1-F84AC14673CF}.Ad-Hoc|x86.Build.0 = Debug|Any CPU
		{6F88738F-AAB6-459A-A9E1-F84AC14673CF}.AppStore|Any CPU.ActiveCfg = Debug|Any CPU
		{6F88738F-AAB6-459A-A9E1-F84AC14673CF}.AppStore|Any CPU.Build.0 = Debug|Any CPU
		{6F88738F-AAB6-459A-A9E1-F84AC14673CF}.AppStore|ARM.ActiveCfg = Debug|Any CPU
		{6F88738F-AAB6-459A-A9E1-F84AC14673CF}.AppStore|ARM.Build.0 = Debug|Any CPU
		{6F88738F-AAB6-459A-A9E1-F84AC14673CF}.AppStore|iPhone.ActiveCfg = Debug|Any CPU
		{6F88738F-AAB6-459A-A9E1-F84AC14673CF}.AppStore|iPhone.Build.0 = Debug|Any CPU
		{6F88738F-AAB6-459A-A9E1-F84AC14673CF}.AppStore|iPhoneSimulator.ActiveCfg = Debug|Any CPU
		{6F88738F-AAB6-459A-A9E1-F84AC14673CF}.AppStore|iPhoneSimulator.Build.0 = Debug|Any CPU
		{6F88738F-AAB6-459A-A9E1-F84AC14673CF}.AppStore|x64.ActiveCfg = Debug|Any CPU
		{6F88738F-AAB6-459A-A9E1-F84AC14673CF}.AppStore|x64.Build.0 = Debug|Any CPU
		{6F88738F-AAB6-459A-A9E1-F84AC14673CF}.AppStore|x86.ActiveCfg = Debug|Any CPU
		{6F88738F-AAB6-459A-A9E1-F84AC14673CF}.AppStore|x86.Build.0 = Debug|Any CPU
		{6F88738F-AAB6-459A-A9E1-F84AC14673CF}.Debug|Any CPU.ActiveCfg = Debug|Any CPU
		{6F88738F-AAB6-459A-A9E1-F84AC14673CF}.Debug|Any CPU.Build.0 = Debug|Any CPU
		{6F88738F-AAB6-459A-A9E1-F84AC14673CF}.Debug|ARM.ActiveCfg = Debug|Any CPU
		{6F88738F-AAB6-459A-A9E1-F84AC14673CF}.Debug|ARM.Build.0 = Debug|Any CPU
		{6F88738F-AAB6-459A-A9E1-F84AC14673CF}.Debug|iPhone.ActiveCfg = Debug|Any CPU
		{6F88738F-AAB6-459A-A9E1-F84AC14673CF}.Debug|iPhone.Build.0 = Debug|Any CPU
		{6F88738F-AAB6-459A-A9E1-F84AC14673CF}.Debug|iPhoneSimulator.ActiveCfg = Debug|Any CPU
		{6F88738F-AAB6-459A-A9E1-F84AC14673CF}.Debug|iPhoneSimulator.Build.0 = Debug|Any CPU
		{6F88738F-AAB6-459A-A9E1-F84AC14673CF}.Debug|x64.ActiveCfg = Debug|Any CPU
		{6F88738F-AAB6-459A-A9E1-F84AC14673CF}.Debug|x64.Build.0 = Debug|Any CPU
		{6F88738F-AAB6-459A-A9E1-F84AC14673CF}.Debug|x86.ActiveCfg = Debug|Any CPU
		{6F88738F-AAB6-459A-A9E1-F84AC14673CF}.Debug|x86.Build.0 = Debug|Any CPU
		{6F88738F-AAB6-459A-A9E1-F84AC14673CF}.Release|Any CPU.ActiveCfg = Release|Any CPU
		{6F88738F-AAB6-459A-A9E1-F84AC14673CF}.Release|Any CPU.Build.0 = Release|Any CPU
		{6F88738F-AAB6-459A-A9E1-F84AC14673CF}.Release|ARM.ActiveCfg = Release|Any CPU
		{6F88738F-AAB6-459A-A9E1-F84AC14673CF}.Release|ARM.Build.0 = Release|Any CPU
		{6F88738F-AAB6-459A-A9E1-F84AC14673CF}.Release|iPhone.ActiveCfg = Release|Any CPU
		{6F88738F-AAB6-459A-A9E1-F84AC14673CF}.Release|iPhone.Build.0 = Release|Any CPU
		{6F88738F-AAB6-459A-A9E1-F84AC14673CF}.Release|iPhoneSimulator.ActiveCfg = Release|Any CPU
		{6F88738F-AAB6-459A-A9E1-F84AC14673CF}.Release|iPhoneSimulator.Build.0 = Release|Any CPU
		{6F88738F-AAB6-459A-A9E1-F84AC14673CF}.Release|x64.ActiveCfg = Release|Any CPU
		{6F88738F-AAB6-459A-A9E1-F84AC14673CF}.Release|x64.Build.0 = Release|Any CPU
		{6F88738F-AAB6-459A-A9E1-F84AC14673CF}.Release|x86.ActiveCfg = Release|Any CPU
		{6F88738F-AAB6-459A-A9E1-F84AC14673CF}.Release|x86.Build.0 = Release|Any CPU
		{26D089A7-ED86-45FD-8B29-5DCF36329C14}.Ad-Hoc|Any CPU.ActiveCfg = Debug|Any CPU
		{26D089A7-ED86-45FD-8B29-5DCF36329C14}.Ad-Hoc|Any CPU.Build.0 = Debug|Any CPU
		{26D089A7-ED86-45FD-8B29-5DCF36329C14}.Ad-Hoc|ARM.ActiveCfg = Debug|Any CPU
		{26D089A7-ED86-45FD-8B29-5DCF36329C14}.Ad-Hoc|ARM.Build.0 = Debug|Any CPU
		{26D089A7-ED86-45FD-8B29-5DCF36329C14}.Ad-Hoc|iPhone.ActiveCfg = Debug|Any CPU
		{26D089A7-ED86-45FD-8B29-5DCF36329C14}.Ad-Hoc|iPhone.Build.0 = Debug|Any CPU
		{26D089A7-ED86-45FD-8B29-5DCF36329C14}.Ad-Hoc|iPhoneSimulator.ActiveCfg = Debug|Any CPU
		{26D089A7-ED86-45FD-8B29-5DCF36329C14}.Ad-Hoc|iPhoneSimulator.Build.0 = Debug|Any CPU
		{26D089A7-ED86-45FD-8B29-5DCF36329C14}.Ad-Hoc|x64.ActiveCfg = Debug|Any CPU
		{26D089A7-ED86-45FD-8B29-5DCF36329C14}.Ad-Hoc|x64.Build.0 = Debug|Any CPU
		{26D089A7-ED86-45FD-8B29-5DCF36329C14}.Ad-Hoc|x86.ActiveCfg = Debug|Any CPU
		{26D089A7-ED86-45FD-8B29-5DCF36329C14}.Ad-Hoc|x86.Build.0 = Debug|Any CPU
		{26D089A7-ED86-45FD-8B29-5DCF36329C14}.AppStore|Any CPU.ActiveCfg = Debug|Any CPU
		{26D089A7-ED86-45FD-8B29-5DCF36329C14}.AppStore|Any CPU.Build.0 = Debug|Any CPU
		{26D089A7-ED86-45FD-8B29-5DCF36329C14}.AppStore|ARM.ActiveCfg = Debug|Any CPU
		{26D089A7-ED86-45FD-8B29-5DCF36329C14}.AppStore|ARM.Build.0 = Debug|Any CPU
		{26D089A7-ED86-45FD-8B29-5DCF36329C14}.AppStore|iPhone.ActiveCfg = Debug|Any CPU
		{26D089A7-ED86-45FD-8B29-5DCF36329C14}.AppStore|iPhone.Build.0 = Debug|Any CPU
		{26D089A7-ED86-45FD-8B29-5DCF36329C14}.AppStore|iPhoneSimulator.ActiveCfg = Debug|Any CPU
		{26D089A7-ED86-45FD-8B29-5DCF36329C14}.AppStore|iPhoneSimulator.Build.0 = Debug|Any CPU
		{26D089A7-ED86-45FD-8B29-5DCF36329C14}.AppStore|x64.ActiveCfg = Debug|Any CPU
		{26D089A7-ED86-45FD-8B29-5DCF36329C14}.AppStore|x64.Build.0 = Debug|Any CPU
		{26D089A7-ED86-45FD-8B29-5DCF36329C14}.AppStore|x86.ActiveCfg = Debug|Any CPU
		{26D089A7-ED86-45FD-8B29-5DCF36329C14}.AppStore|x86.Build.0 = Debug|Any CPU
		{26D089A7-ED86-45FD-8B29-5DCF36329C14}.Debug|Any CPU.ActiveCfg = Debug|Any CPU
		{26D089A7-ED86-45FD-8B29-5DCF36329C14}.Debug|Any CPU.Build.0 = Debug|Any CPU
		{26D089A7-ED86-45FD-8B29-5DCF36329C14}.Debug|ARM.ActiveCfg = Debug|Any CPU
		{26D089A7-ED86-45FD-8B29-5DCF36329C14}.Debug|ARM.Build.0 = Debug|Any CPU
		{26D089A7-ED86-45FD-8B29-5DCF36329C14}.Debug|iPhone.ActiveCfg = Debug|Any CPU
		{26D089A7-ED86-45FD-8B29-5DCF36329C14}.Debug|iPhone.Build.0 = Debug|Any CPU
		{26D089A7-ED86-45FD-8B29-5DCF36329C14}.Debug|iPhoneSimulator.ActiveCfg = Debug|Any CPU
		{26D089A7-ED86-45FD-8B29-5DCF36329C14}.Debug|iPhoneSimulator.Build.0 = Debug|Any CPU
		{26D089A7-ED86-45FD-8B29-5DCF36329C14}.Debug|x64.ActiveCfg = Debug|Any CPU
		{26D089A7-ED86-45FD-8B29-5DCF36329C14}.Debug|x64.Build.0 = Debug|Any CPU
		{26D089A7-ED86-45FD-8B29-5DCF36329C14}.Debug|x86.ActiveCfg = Debug|Any CPU
		{26D089A7-ED86-45FD-8B29-5DCF36329C14}.Debug|x86.Build.0 = Debug|Any CPU
		{26D089A7-ED86-45FD-8B29-5DCF36329C14}.Release|Any CPU.ActiveCfg = Release|Any CPU
		{26D089A7-ED86-45FD-8B29-5DCF36329C14}.Release|Any CPU.Build.0 = Release|Any CPU
		{26D089A7-ED86-45FD-8B29-5DCF36329C14}.Release|ARM.ActiveCfg = Release|Any CPU
		{26D089A7-ED86-45FD-8B29-5DCF36329C14}.Release|ARM.Build.0 = Release|Any CPU
		{26D089A7-ED86-45FD-8B29-5DCF36329C14}.Release|iPhone.ActiveCfg = Release|Any CPU
		{26D089A7-ED86-45FD-8B29-5DCF36329C14}.Release|iPhone.Build.0 = Release|Any CPU
		{26D089A7-ED86-45FD-8B29-5DCF36329C14}.Release|iPhoneSimulator.ActiveCfg = Release|Any CPU
		{26D089A7-ED86-45FD-8B29-5DCF36329C14}.Release|iPhoneSimulator.Build.0 = Release|Any CPU
		{26D089A7-ED86-45FD-8B29-5DCF36329C14}.Release|x64.ActiveCfg = Release|Any CPU
		{26D089A7-ED86-45FD-8B29-5DCF36329C14}.Release|x64.Build.0 = Release|Any CPU
		{26D089A7-ED86-45FD-8B29-5DCF36329C14}.Release|x86.ActiveCfg = Release|Any CPU
		{26D089A7-ED86-45FD-8B29-5DCF36329C14}.Release|x86.Build.0 = Release|Any CPU
		{30513DDC-A9AF-4403-9E1C-A6FF3A1107D6}.Ad-Hoc|Any CPU.ActiveCfg = Debug|Any CPU
		{30513DDC-A9AF-4403-9E1C-A6FF3A1107D6}.Ad-Hoc|Any CPU.Build.0 = Debug|Any CPU
		{30513DDC-A9AF-4403-9E1C-A6FF3A1107D6}.Ad-Hoc|ARM.ActiveCfg = Debug|Any CPU
		{30513DDC-A9AF-4403-9E1C-A6FF3A1107D6}.Ad-Hoc|ARM.Build.0 = Debug|Any CPU
		{30513DDC-A9AF-4403-9E1C-A6FF3A1107D6}.Ad-Hoc|iPhone.ActiveCfg = Debug|Any CPU
		{30513DDC-A9AF-4403-9E1C-A6FF3A1107D6}.Ad-Hoc|iPhone.Build.0 = Debug|Any CPU
		{30513DDC-A9AF-4403-9E1C-A6FF3A1107D6}.Ad-Hoc|iPhoneSimulator.ActiveCfg = Debug|Any CPU
		{30513DDC-A9AF-4403-9E1C-A6FF3A1107D6}.Ad-Hoc|iPhoneSimulator.Build.0 = Debug|Any CPU
		{30513DDC-A9AF-4403-9E1C-A6FF3A1107D6}.Ad-Hoc|x64.ActiveCfg = Debug|Any CPU
		{30513DDC-A9AF-4403-9E1C-A6FF3A1107D6}.Ad-Hoc|x64.Build.0 = Debug|Any CPU
		{30513DDC-A9AF-4403-9E1C-A6FF3A1107D6}.Ad-Hoc|x86.ActiveCfg = Debug|Any CPU
		{30513DDC-A9AF-4403-9E1C-A6FF3A1107D6}.Ad-Hoc|x86.Build.0 = Debug|Any CPU
		{30513DDC-A9AF-4403-9E1C-A6FF3A1107D6}.AppStore|Any CPU.ActiveCfg = Debug|Any CPU
		{30513DDC-A9AF-4403-9E1C-A6FF3A1107D6}.AppStore|Any CPU.Build.0 = Debug|Any CPU
		{30513DDC-A9AF-4403-9E1C-A6FF3A1107D6}.AppStore|ARM.ActiveCfg = Debug|Any CPU
		{30513DDC-A9AF-4403-9E1C-A6FF3A1107D6}.AppStore|ARM.Build.0 = Debug|Any CPU
		{30513DDC-A9AF-4403-9E1C-A6FF3A1107D6}.AppStore|iPhone.ActiveCfg = Debug|Any CPU
		{30513DDC-A9AF-4403-9E1C-A6FF3A1107D6}.AppStore|iPhone.Build.0 = Debug|Any CPU
		{30513DDC-A9AF-4403-9E1C-A6FF3A1107D6}.AppStore|iPhoneSimulator.ActiveCfg = Debug|Any CPU
		{30513DDC-A9AF-4403-9E1C-A6FF3A1107D6}.AppStore|iPhoneSimulator.Build.0 = Debug|Any CPU
		{30513DDC-A9AF-4403-9E1C-A6FF3A1107D6}.AppStore|x64.ActiveCfg = Debug|Any CPU
		{30513DDC-A9AF-4403-9E1C-A6FF3A1107D6}.AppStore|x64.Build.0 = Debug|Any CPU
		{30513DDC-A9AF-4403-9E1C-A6FF3A1107D6}.AppStore|x86.ActiveCfg = Debug|Any CPU
		{30513DDC-A9AF-4403-9E1C-A6FF3A1107D6}.AppStore|x86.Build.0 = Debug|Any CPU
		{30513DDC-A9AF-4403-9E1C-A6FF3A1107D6}.Debug|Any CPU.ActiveCfg = Debug|Any CPU
		{30513DDC-A9AF-4403-9E1C-A6FF3A1107D6}.Debug|Any CPU.Build.0 = Debug|Any CPU
		{30513DDC-A9AF-4403-9E1C-A6FF3A1107D6}.Debug|ARM.ActiveCfg = Debug|Any CPU
		{30513DDC-A9AF-4403-9E1C-A6FF3A1107D6}.Debug|ARM.Build.0 = Debug|Any CPU
		{30513DDC-A9AF-4403-9E1C-A6FF3A1107D6}.Debug|iPhone.ActiveCfg = Debug|Any CPU
		{30513DDC-A9AF-4403-9E1C-A6FF3A1107D6}.Debug|iPhone.Build.0 = Debug|Any CPU
		{30513DDC-A9AF-4403-9E1C-A6FF3A1107D6}.Debug|iPhoneSimulator.ActiveCfg = Debug|Any CPU
		{30513DDC-A9AF-4403-9E1C-A6FF3A1107D6}.Debug|iPhoneSimulator.Build.0 = Debug|Any CPU
		{30513DDC-A9AF-4403-9E1C-A6FF3A1107D6}.Debug|x64.ActiveCfg = Debug|Any CPU
		{30513DDC-A9AF-4403-9E1C-A6FF3A1107D6}.Debug|x64.Build.0 = Debug|Any CPU
		{30513DDC-A9AF-4403-9E1C-A6FF3A1107D6}.Debug|x86.ActiveCfg = Debug|Any CPU
		{30513DDC-A9AF-4403-9E1C-A6FF3A1107D6}.Debug|x86.Build.0 = Debug|Any CPU
		{30513DDC-A9AF-4403-9E1C-A6FF3A1107D6}.Release|Any CPU.ActiveCfg = Release|Any CPU
		{30513DDC-A9AF-4403-9E1C-A6FF3A1107D6}.Release|Any CPU.Build.0 = Release|Any CPU
		{30513DDC-A9AF-4403-9E1C-A6FF3A1107D6}.Release|ARM.ActiveCfg = Release|Any CPU
		{30513DDC-A9AF-4403-9E1C-A6FF3A1107D6}.Release|ARM.Build.0 = Release|Any CPU
		{30513DDC-A9AF-4403-9E1C-A6FF3A1107D6}.Release|iPhone.ActiveCfg = Release|Any CPU
		{30513DDC-A9AF-4403-9E1C-A6FF3A1107D6}.Release|iPhone.Build.0 = Release|Any CPU
		{30513DDC-A9AF-4403-9E1C-A6FF3A1107D6}.Release|iPhoneSimulator.ActiveCfg = Release|Any CPU
		{30513DDC-A9AF-4403-9E1C-A6FF3A1107D6}.Release|iPhoneSimulator.Build.0 = Release|Any CPU
		{30513DDC-A9AF-4403-9E1C-A6FF3A1107D6}.Release|x64.ActiveCfg = Release|Any CPU
		{30513DDC-A9AF-4403-9E1C-A6FF3A1107D6}.Release|x64.Build.0 = Release|Any CPU
		{30513DDC-A9AF-4403-9E1C-A6FF3A1107D6}.Release|x86.ActiveCfg = Release|Any CPU
		{30513DDC-A9AF-4403-9E1C-A6FF3A1107D6}.Release|x86.Build.0 = Release|Any CPU
		{1F48A5AF-E4A9-442C-96B0-D97D65508B2B}.Ad-Hoc|Any CPU.ActiveCfg = Debug|Any CPU
		{1F48A5AF-E4A9-442C-96B0-D97D65508B2B}.Ad-Hoc|Any CPU.Build.0 = Debug|Any CPU
		{1F48A5AF-E4A9-442C-96B0-D97D65508B2B}.Ad-Hoc|ARM.ActiveCfg = Debug|Any CPU
		{1F48A5AF-E4A9-442C-96B0-D97D65508B2B}.Ad-Hoc|ARM.Build.0 = Debug|Any CPU
		{1F48A5AF-E4A9-442C-96B0-D97D65508B2B}.Ad-Hoc|iPhone.ActiveCfg = Debug|Any CPU
		{1F48A5AF-E4A9-442C-96B0-D97D65508B2B}.Ad-Hoc|iPhone.Build.0 = Debug|Any CPU
		{1F48A5AF-E4A9-442C-96B0-D97D65508B2B}.Ad-Hoc|iPhoneSimulator.ActiveCfg = Debug|Any CPU
		{1F48A5AF-E4A9-442C-96B0-D97D65508B2B}.Ad-Hoc|iPhoneSimulator.Build.0 = Debug|Any CPU
		{1F48A5AF-E4A9-442C-96B0-D97D65508B2B}.Ad-Hoc|x64.ActiveCfg = Debug|Any CPU
		{1F48A5AF-E4A9-442C-96B0-D97D65508B2B}.Ad-Hoc|x64.Build.0 = Debug|Any CPU
		{1F48A5AF-E4A9-442C-96B0-D97D65508B2B}.Ad-Hoc|x86.ActiveCfg = Debug|Any CPU
		{1F48A5AF-E4A9-442C-96B0-D97D65508B2B}.Ad-Hoc|x86.Build.0 = Debug|Any CPU
		{1F48A5AF-E4A9-442C-96B0-D97D65508B2B}.AppStore|Any CPU.ActiveCfg = Debug|Any CPU
		{1F48A5AF-E4A9-442C-96B0-D97D65508B2B}.AppStore|Any CPU.Build.0 = Debug|Any CPU
		{1F48A5AF-E4A9-442C-96B0-D97D65508B2B}.AppStore|ARM.ActiveCfg = Debug|Any CPU
		{1F48A5AF-E4A9-442C-96B0-D97D65508B2B}.AppStore|ARM.Build.0 = Debug|Any CPU
		{1F48A5AF-E4A9-442C-96B0-D97D65508B2B}.AppStore|iPhone.ActiveCfg = Debug|Any CPU
		{1F48A5AF-E4A9-442C-96B0-D97D65508B2B}.AppStore|iPhone.Build.0 = Debug|Any CPU
		{1F48A5AF-E4A9-442C-96B0-D97D65508B2B}.AppStore|iPhoneSimulator.ActiveCfg = Debug|Any CPU
		{1F48A5AF-E4A9-442C-96B0-D97D65508B2B}.AppStore|iPhoneSimulator.Build.0 = Debug|Any CPU
		{1F48A5AF-E4A9-442C-96B0-D97D65508B2B}.AppStore|x64.ActiveCfg = Debug|Any CPU
		{1F48A5AF-E4A9-442C-96B0-D97D65508B2B}.AppStore|x64.Build.0 = Debug|Any CPU
		{1F48A5AF-E4A9-442C-96B0-D97D65508B2B}.AppStore|x86.ActiveCfg = Debug|Any CPU
		{1F48A5AF-E4A9-442C-96B0-D97D65508B2B}.AppStore|x86.Build.0 = Debug|Any CPU
		{1F48A5AF-E4A9-442C-96B0-D97D65508B2B}.Debug|Any CPU.ActiveCfg = Debug|Any CPU
		{1F48A5AF-E4A9-442C-96B0-D97D65508B2B}.Debug|Any CPU.Build.0 = Debug|Any CPU
		{1F48A5AF-E4A9-442C-96B0-D97D65508B2B}.Debug|ARM.ActiveCfg = Debug|Any CPU
		{1F48A5AF-E4A9-442C-96B0-D97D65508B2B}.Debug|ARM.Build.0 = Debug|Any CPU
		{1F48A5AF-E4A9-442C-96B0-D97D65508B2B}.Debug|iPhone.ActiveCfg = Debug|Any CPU
		{1F48A5AF-E4A9-442C-96B0-D97D65508B2B}.Debug|iPhone.Build.0 = Debug|Any CPU
		{1F48A5AF-E4A9-442C-96B0-D97D65508B2B}.Debug|iPhoneSimulator.ActiveCfg = Debug|Any CPU
		{1F48A5AF-E4A9-442C-96B0-D97D65508B2B}.Debug|iPhoneSimulator.Build.0 = Debug|Any CPU
		{1F48A5AF-E4A9-442C-96B0-D97D65508B2B}.Debug|x64.ActiveCfg = Debug|Any CPU
		{1F48A5AF-E4A9-442C-96B0-D97D65508B2B}.Debug|x64.Build.0 = Debug|Any CPU
		{1F48A5AF-E4A9-442C-96B0-D97D65508B2B}.Debug|x86.ActiveCfg = Debug|Any CPU
		{1F48A5AF-E4A9-442C-96B0-D97D65508B2B}.Debug|x86.Build.0 = Debug|Any CPU
		{1F48A5AF-E4A9-442C-96B0-D97D65508B2B}.Release|Any CPU.ActiveCfg = Release|Any CPU
		{1F48A5AF-E4A9-442C-96B0-D97D65508B2B}.Release|Any CPU.Build.0 = Release|Any CPU
		{1F48A5AF-E4A9-442C-96B0-D97D65508B2B}.Release|ARM.ActiveCfg = Release|Any CPU
		{1F48A5AF-E4A9-442C-96B0-D97D65508B2B}.Release|ARM.Build.0 = Release|Any CPU
		{1F48A5AF-E4A9-442C-96B0-D97D65508B2B}.Release|iPhone.ActiveCfg = Release|Any CPU
		{1F48A5AF-E4A9-442C-96B0-D97D65508B2B}.Release|iPhone.Build.0 = Release|Any CPU
		{1F48A5AF-E4A9-442C-96B0-D97D65508B2B}.Release|iPhoneSimulator.ActiveCfg = Release|Any CPU
		{1F48A5AF-E4A9-442C-96B0-D97D65508B2B}.Release|iPhoneSimulator.Build.0 = Release|Any CPU
		{1F48A5AF-E4A9-442C-96B0-D97D65508B2B}.Release|x64.ActiveCfg = Release|Any CPU
		{1F48A5AF-E4A9-442C-96B0-D97D65508B2B}.Release|x64.Build.0 = Release|Any CPU
		{1F48A5AF-E4A9-442C-96B0-D97D65508B2B}.Release|x86.ActiveCfg = Release|Any CPU
		{1F48A5AF-E4A9-442C-96B0-D97D65508B2B}.Release|x86.Build.0 = Release|Any CPU
	EndGlobalSection
	GlobalSection(SolutionProperties) = preSolution
		HideSolutionNode = FALSE
	EndGlobalSection
	GlobalSection(ExtensibilityGlobals) = postSolution
		SolutionGuid = {6AE50011-9BD8-4A52-B804-F08167B9FE06}
	EndGlobalSection
EndGlobal
